// !$*UTF8*$!
{
	archiveVersion = 1;
	classes = {
	};
	objectVersion = 46;
	objects = {

/* Begin PBXBuildFile section */
		01097081191328B000FC8684 /* CCDHelper.m in Sources */ = {isa = PBXBuildFile; fileRef = 0109707F191328B000FC8684 /* CCDHelper.m */; };
		01C249AC19136CB900789F42 /* FileHelper.m in Sources */ = {isa = PBXBuildFile; fileRef = 01C249AB19136CB900789F42 /* FileHelper.m */; };
		01C249AF19137C1E00789F42 /* NSTimer+TPCategory.m in Sources */ = {isa = PBXBuildFile; fileRef = 01C249AE19137C1E00789F42 /* NSTimer+TPCategory.m */; };
		01C70D9019132B14006E3146 /* ASIServiceArgs.m in Sources */ = {isa = PBXBuildFile; fileRef = 01C70D8919132B14006E3146 /* ASIServiceArgs.m */; };
		01C70D9119132B14006E3146 /* ASIServiceResult.m in Sources */ = {isa = PBXBuildFile; fileRef = 01C70D8B19132B14006E3146 /* ASIServiceResult.m */; };
		01C70D9219132B14006E3146 /* ASIServiceHTTPRequest.m in Sources */ = {isa = PBXBuildFile; fileRef = 01C70D8D19132B14006E3146 /* ASIServiceHTTPRequest.m */; };
		01C70D9319132B14006E3146 /* ASIServiceHelper.m in Sources */ = {isa = PBXBuildFile; fileRef = 01C70D8F19132B14006E3146 /* ASIServiceHelper.m */; };
		01C70D9619132B99006E3146 /* LocationGPS.m in Sources */ = {isa = PBXBuildFile; fileRef = 01C70D9519132B99006E3146 /* LocationGPS.m */; };
		01C70D9B19132CE3006E3146 /* NSData+TPCategory.m in Sources */ = {isa = PBXBuildFile; fileRef = 01C70D9819132CE3006E3146 /* NSData+TPCategory.m */; };
		01C70D9C19132CE3006E3146 /* UIImage+TPCategory.m in Sources */ = {isa = PBXBuildFile; fileRef = 01C70D9A19132CE3006E3146 /* UIImage+TPCategory.m */; };
		01C70D9F19132CFA006E3146 /* UIColor+TPCategory.m in Sources */ = {isa = PBXBuildFile; fileRef = 01C70D9E19132CFA006E3146 /* UIColor+TPCategory.m */; };
		01C70DA419132D03006E3146 /* NSDate+TPCategory.m in Sources */ = {isa = PBXBuildFile; fileRef = 01C70DA119132D03006E3146 /* NSDate+TPCategory.m */; };
		01C70DA519132D03006E3146 /* NSString+TPCategory.m in Sources */ = {isa = PBXBuildFile; fileRef = 01C70DA319132D03006E3146 /* NSString+TPCategory.m */; };
		01C70DA819132D13006E3146 /* UIDevice+TPCategory.m in Sources */ = {isa = PBXBuildFile; fileRef = 01C70DA719132D13006E3146 /* UIDevice+TPCategory.m */; };
		01C70DAF1913321D006E3146 /* CVUIPopoverView.m in Sources */ = {isa = PBXBuildFile; fileRef = 01C70DAC1913321D006E3146 /* CVUIPopoverView.m */; };
		01C70DB01913321D006E3146 /* CVUIPopoverText.m in Sources */ = {isa = PBXBuildFile; fileRef = 01C70DAE1913321D006E3146 /* CVUIPopoverText.m */; };
		01C70DB319133943006E3146 /* CVUICalendar.m in Sources */ = {isa = PBXBuildFile; fileRef = 01C70DB219133943006E3146 /* CVUICalendar.m */; };
		01C70DC019134BC1006E3146 /* CVUISelect.m in Sources */ = {isa = PBXBuildFile; fileRef = 01C70DBF19134BC1006E3146 /* CVUISelect.m */; };
		01EA0966183F4B7D00F42D9E /* GDataXMLNode.m in Sources */ = {isa = PBXBuildFile; fileRef = 01EA0961183F4B7D00F42D9E /* GDataXMLNode.m */; };
		01EA0967183F4B7D00F42D9E /* XmlNode.m in Sources */ = {isa = PBXBuildFile; fileRef = 01EA0963183F4B7D00F42D9E /* XmlNode.m */; };
		01EA0968183F4B7D00F42D9E /* XmlParseHelper.m in Sources */ = {isa = PBXBuildFile; fileRef = 01EA0965183F4B7D00F42D9E /* XmlParseHelper.m */; };
		01EA097F183F4BDC00F42D9E /* ASIAuthenticationDialog.m in Sources */ = {isa = PBXBuildFile; fileRef = 01EA096C183F4BDC00F42D9E /* ASIAuthenticationDialog.m */; };
		01EA0980183F4BDC00F42D9E /* ASIDataCompressor.m in Sources */ = {isa = PBXBuildFile; fileRef = 01EA096F183F4BDC00F42D9E /* ASIDataCompressor.m */; };
		01EA0981183F4BDC00F42D9E /* ASIDataDecompressor.m in Sources */ = {isa = PBXBuildFile; fileRef = 01EA0971183F4BDC00F42D9E /* ASIDataDecompressor.m */; };
		01EA0982183F4BDC00F42D9E /* ASIDownloadCache.m in Sources */ = {isa = PBXBuildFile; fileRef = 01EA0973183F4BDC00F42D9E /* ASIDownloadCache.m */; };
		01EA0983183F4BDC00F42D9E /* ASIFormDataRequest.m in Sources */ = {isa = PBXBuildFile; fileRef = 01EA0975183F4BDC00F42D9E /* ASIFormDataRequest.m */; };
		01EA0984183F4BDC00F42D9E /* ASIHTTPRequest.m in Sources */ = {isa = PBXBuildFile; fileRef = 01EA0977183F4BDC00F42D9E /* ASIHTTPRequest.m */; };
		01EA0985183F4BDC00F42D9E /* ASIInputStream.m in Sources */ = {isa = PBXBuildFile; fileRef = 01EA097B183F4BDC00F42D9E /* ASIInputStream.m */; };
		01EA0986183F4BDC00F42D9E /* ASINetworkQueue.m in Sources */ = {isa = PBXBuildFile; fileRef = 01EA097D183F4BDC00F42D9E /* ASINetworkQueue.m */; };
		01EA098A183F4BEE00F42D9E /* Reachability.m in Sources */ = {isa = PBXBuildFile; fileRef = 01EA0989183F4BEE00F42D9E /* Reachability.m */; };
		01EA0997183F4D0200F42D9E /* NetWorkConnection.m in Sources */ = {isa = PBXBuildFile; fileRef = 01EA0996183F4D0200F42D9E /* NetWorkConnection.m */; };
		01EA09A9183F4E3C00F42D9E /* UITextField+TPCategory.m in Sources */ = {isa = PBXBuildFile; fileRef = 01EA09A8183F4E3C00F42D9E /* UITextField+TPCategory.m */; };
		26A200EC17997D0700A7D3D1 /* UIViewController+TPCategory.m in Sources */ = {isa = PBXBuildFile; fileRef = 26A200EB17997D0700A7D3D1 /* UIViewController+TPCategory.m */; };
		26A49A15179AD21C0038D4AF /* UIViewController+TPCategory.h in CopyFiles */ = {isa = PBXBuildFile; fileRef = 26A200EA17997D0700A7D3D1 /* UIViewController+TPCategory.h */; };
		26A49A7C179AE18F0038D4AF /* ImageIO.framework in Frameworks */ = {isa = PBXBuildFile; fileRef = 26A49A7B179AE18F0038D4AF /* ImageIO.framework */; };
		26A49A7E179AE19B0038D4AF /* MapKit.framework in Frameworks */ = {isa = PBXBuildFile; fileRef = 26A49A7D179AE19B0038D4AF /* MapKit.framework */; };
		26AE40DA1790F39900A1EDEC /* Foundation.framework in Frameworks */ = {isa = PBXBuildFile; fileRef = 26AE40D91790F39900A1EDEC /* Foundation.framework */; };
		26AE40DF1790F39900A1EDEC /* TPLibrary.h in CopyFiles */ = {isa = PBXBuildFile; fileRef = 26AE40DE1790F39900A1EDEC /* TPLibrary.h */; };
		26AE40E11790F39900A1EDEC /* TPLibrary.m in Sources */ = {isa = PBXBuildFile; fileRef = 26AE40E01790F39900A1EDEC /* TPLibrary.m */; };
		26AE40EC1790F44100A1EDEC /* UIKit.framework in Frameworks */ = {isa = PBXBuildFile; fileRef = 26AE40EB1790F44100A1EDEC /* UIKit.framework */; };
		26AE40FB1790F7B900A1EDEC /* UIView+TPCategory.m in Sources */ = {isa = PBXBuildFile; fileRef = 26AE40FA1790F7B800A1EDEC /* UIView+TPCategory.m */; };
		26AE40FE1790F99C00A1EDEC /* UIScrollview+TPCategory.m in Sources */ = {isa = PBXBuildFile; fileRef = 26AE40FD1790F99B00A1EDEC /* UIScrollview+TPCategory.m */; };
		26AE41081791001500A1EDEC /* NSDictionary+TPCategory.m in Sources */ = {isa = PBXBuildFile; fileRef = 26AE41071791001500A1EDEC /* NSDictionary+TPCategory.m */; };
		26AE412D1791218100A1EDEC /* QuartzCore.framework in Frameworks */ = {isa = PBXBuildFile; fileRef = 26AE412C1791218100A1EDEC /* QuartzCore.framework */; };
		26B479CE1792830500231C18 /* DownloadManager.m in Sources */ = {isa = PBXBuildFile; fileRef = 26B479CB1792830500231C18 /* DownloadManager.m */; };
		26B479CF1792830500231C18 /* DownLoadArgs.m in Sources */ = {isa = PBXBuildFile; fileRef = 26B479CD1792830500231C18 /* DownLoadArgs.m */; };
		26B479D6179283C900231C18 /* SVGeocoder.m in Sources */ = {isa = PBXBuildFile; fileRef = 26B479D3179283C900231C18 /* SVGeocoder.m */; settings = {COMPILER_FLAGS = "-fobjc-arc"; }; };
		26B479D7179283C900231C18 /* SVPlacemark.m in Sources */ = {isa = PBXBuildFile; fileRef = 26B479D5179283C900231C18 /* SVPlacemark.m */; settings = {COMPILER_FLAGS = "-fobjc-arc"; }; };
		26B479DC1792846200231C18 /* CoreLocation.framework in Frameworks */ = {isa = PBXBuildFile; fileRef = 26B479DB1792846200231C18 /* CoreLocation.framework */; };
		26B479FF17929B4100231C18 /* SVGeocoder.h in CopyFiles */ = {isa = PBXBuildFile; fileRef = 26B479D2179283C900231C18 /* SVGeocoder.h */; };
		26B47A0017929B4500231C18 /* SVPlacemark.h in CopyFiles */ = {isa = PBXBuildFile; fileRef = 26B479D4179283C900231C18 /* SVPlacemark.h */; };
		26B47A0117929B4A00231C18 /* DownloadManager.h in CopyFiles */ = {isa = PBXBuildFile; fileRef = 26B479CA1792830500231C18 /* DownloadManager.h */; };
		26B47A0217929B5100231C18 /* DownLoadArgs.h in CopyFiles */ = {isa = PBXBuildFile; fileRef = 26B479CC1792830500231C18 /* DownLoadArgs.h */; };
		26B47A1B17929C0100231C18 /* UIScrollview+TPCategory.h in CopyFiles */ = {isa = PBXBuildFile; fileRef = 26AE40FC1790F99B00A1EDEC /* UIScrollview+TPCategory.h */; };
		26B47A1D17929C0F00231C18 /* UIView+TPCategory.h in CopyFiles */ = {isa = PBXBuildFile; fileRef = 26AE40F91790F7B800A1EDEC /* UIView+TPCategory.h */; };
		26B47A1F17929C1C00231C18 /* NSDictionary+TPCategory.h in CopyFiles */ = {isa = PBXBuildFile; fileRef = 26AE41061791001500A1EDEC /* NSDictionary+TPCategory.h */; };
		26B7A2F51791A5C9002BB336 /* CoreGraphics.framework in Frameworks */ = {isa = PBXBuildFile; fileRef = 26B7A2F41791A5C9002BB336 /* CoreGraphics.framework */; };
		26B7A3041791A6AB002BB336 /* libxml2.dylib in Frameworks */ = {isa = PBXBuildFile; fileRef = 26B7A3031791A6AB002BB336 /* libxml2.dylib */; };
		26B7A3201791A728002BB336 /* CFNetwork.framework in Frameworks */ = {isa = PBXBuildFile; fileRef = 26B7A31F1791A728002BB336 /* CFNetwork.framework */; };
		26B7A3221791A72E002BB336 /* MobileCoreServices.framework in Frameworks */ = {isa = PBXBuildFile; fileRef = 26B7A3211791A72E002BB336 /* MobileCoreServices.framework */; };
		26B7A3241791A739002BB336 /* SystemConfiguration.framework in Frameworks */ = {isa = PBXBuildFile; fileRef = 26B7A3231791A739002BB336 /* SystemConfiguration.framework */; };
		26B7A3261791A74D002BB336 /* libz.dylib in Frameworks */ = {isa = PBXBuildFile; fileRef = 26B7A3251791A74D002BB336 /* libz.dylib */; };
/* End PBXBuildFile section */

/* Begin PBXCopyFilesBuildPhase section */
		26AE40D41790F39900A1EDEC /* CopyFiles */ = {
			isa = PBXCopyFilesBuildPhase;
			buildActionMask = 2147483647;
			dstPath = "include/${PRODUCT_NAME}";
			dstSubfolderSpec = 16;
			files = (
				26A49A15179AD21C0038D4AF /* UIViewController+TPCategory.h in CopyFiles */,
				26B47A1F17929C1C00231C18 /* NSDictionary+TPCategory.h in CopyFiles */,
				26B47A1D17929C0F00231C18 /* UIView+TPCategory.h in CopyFiles */,
				26B47A1B17929C0100231C18 /* UIScrollview+TPCategory.h in CopyFiles */,
				26B47A0217929B5100231C18 /* DownLoadArgs.h in CopyFiles */,
				26B47A0117929B4A00231C18 /* DownloadManager.h in CopyFiles */,
				26B47A0017929B4500231C18 /* SVPlacemark.h in CopyFiles */,
				26B479FF17929B4100231C18 /* SVGeocoder.h in CopyFiles */,
				26AE40DF1790F39900A1EDEC /* TPLibrary.h in CopyFiles */,
			);
			runOnlyForDeploymentPostprocessing = 0;
		};
/* End PBXCopyFilesBuildPhase section */

/* Begin PBXFileReference section */
		0109707F191328B000FC8684 /* CCDHelper.m */ = {isa = PBXFileReference; fileEncoding = 4; lastKnownFileType = sourcecode.c.objc; path = CCDHelper.m; sourceTree = "<group>"; };
		01097080191328B000FC8684 /* GCDHelper.h */ = {isa = PBXFileReference; fileEncoding = 4; lastKnownFileType = sourcecode.c.h; path = GCDHelper.h; sourceTree = "<group>"; };
		01C249AA19136CB900789F42 /* FileHelper.h */ = {isa = PBXFileReference; fileEncoding = 4; lastKnownFileType = sourcecode.c.h; path = FileHelper.h; sourceTree = "<group>"; };
		01C249AB19136CB900789F42 /* FileHelper.m */ = {isa = PBXFileReference; fileEncoding = 4; lastKnownFileType = sourcecode.c.objc; path = FileHelper.m; sourceTree = "<group>"; };
		01C249AD19137C1E00789F42 /* NSTimer+TPCategory.h */ = {isa = PBXFileReference; fileEncoding = 4; lastKnownFileType = sourcecode.c.h; path = "NSTimer+TPCategory.h"; sourceTree = "<group>"; };
		01C249AE19137C1E00789F42 /* NSTimer+TPCategory.m */ = {isa = PBXFileReference; fileEncoding = 4; lastKnownFileType = sourcecode.c.objc; path = "NSTimer+TPCategory.m"; sourceTree = "<group>"; };
		01C70D8819132B14006E3146 /* ASIServiceArgs.h */ = {isa = PBXFileReference; fileEncoding = 4; lastKnownFileType = sourcecode.c.h; path = ASIServiceArgs.h; sourceTree = "<group>"; };
		01C70D8919132B14006E3146 /* ASIServiceArgs.m */ = {isa = PBXFileReference; fileEncoding = 4; lastKnownFileType = sourcecode.c.objc; path = ASIServiceArgs.m; sourceTree = "<group>"; };
		01C70D8A19132B14006E3146 /* ASIServiceResult.h */ = {isa = PBXFileReference; fileEncoding = 4; lastKnownFileType = sourcecode.c.h; path = ASIServiceResult.h; sourceTree = "<group>"; };
		01C70D8B19132B14006E3146 /* ASIServiceResult.m */ = {isa = PBXFileReference; fileEncoding = 4; lastKnownFileType = sourcecode.c.objc; path = ASIServiceResult.m; sourceTree = "<group>"; };
		01C70D8C19132B14006E3146 /* ASIServiceHTTPRequest.h */ = {isa = PBXFileReference; fileEncoding = 4; lastKnownFileType = sourcecode.c.h; path = ASIServiceHTTPRequest.h; sourceTree = "<group>"; };
		01C70D8D19132B14006E3146 /* ASIServiceHTTPRequest.m */ = {isa = PBXFileReference; fileEncoding = 4; lastKnownFileType = sourcecode.c.objc; path = ASIServiceHTTPRequest.m; sourceTree = "<group>"; };
		01C70D8E19132B14006E3146 /* ASIServiceHelper.h */ = {isa = PBXFileReference; fileEncoding = 4; lastKnownFileType = sourcecode.c.h; path = ASIServiceHelper.h; sourceTree = "<group>"; };
		01C70D8F19132B14006E3146 /* ASIServiceHelper.m */ = {isa = PBXFileReference; fileEncoding = 4; lastKnownFileType = sourcecode.c.objc; path = ASIServiceHelper.m; sourceTree = "<group>"; };
		01C70D9419132B99006E3146 /* LocationGPS.h */ = {isa = PBXFileReference; fileEncoding = 4; lastKnownFileType = sourcecode.c.h; path = LocationGPS.h; sourceTree = "<group>"; };
		01C70D9519132B99006E3146 /* LocationGPS.m */ = {isa = PBXFileReference; fileEncoding = 4; lastKnownFileType = sourcecode.c.objc; path = LocationGPS.m; sourceTree = "<group>"; };
		01C70D9719132CE3006E3146 /* NSData+TPCategory.h */ = {isa = PBXFileReference; fileEncoding = 4; lastKnownFileType = sourcecode.c.h; path = "NSData+TPCategory.h"; sourceTree = "<group>"; };
		01C70D9819132CE3006E3146 /* NSData+TPCategory.m */ = {isa = PBXFileReference; fileEncoding = 4; lastKnownFileType = sourcecode.c.objc; path = "NSData+TPCategory.m"; sourceTree = "<group>"; };
		01C70D9919132CE3006E3146 /* UIImage+TPCategory.h */ = {isa = PBXFileReference; fileEncoding = 4; lastKnownFileType = sourcecode.c.h; path = "UIImage+TPCategory.h"; sourceTree = "<group>"; };
		01C70D9A19132CE3006E3146 /* UIImage+TPCategory.m */ = {isa = PBXFileReference; fileEncoding = 4; lastKnownFileType = sourcecode.c.objc; path = "UIImage+TPCategory.m"; sourceTree = "<group>"; };
		01C70D9D19132CFA006E3146 /* UIColor+TPCategory.h */ = {isa = PBXFileReference; fileEncoding = 4; lastKnownFileType = sourcecode.c.h; path = "UIColor+TPCategory.h"; sourceTree = "<group>"; };
		01C70D9E19132CFA006E3146 /* UIColor+TPCategory.m */ = {isa = PBXFileReference; fileEncoding = 4; lastKnownFileType = sourcecode.c.objc; path = "UIColor+TPCategory.m"; sourceTree = "<group>"; };
		01C70DA019132D03006E3146 /* NSDate+TPCategory.h */ = {isa = PBXFileReference; fileEncoding = 4; lastKnownFileType = sourcecode.c.h; path = "NSDate+TPCategory.h"; sourceTree = "<group>"; };
		01C70DA119132D03006E3146 /* NSDate+TPCategory.m */ = {isa = PBXFileReference; fileEncoding = 4; lastKnownFileType = sourcecode.c.objc; path = "NSDate+TPCategory.m"; sourceTree = "<group>"; };
		01C70DA219132D03006E3146 /* NSString+TPCategory.h */ = {isa = PBXFileReference; fileEncoding = 4; lastKnownFileType = sourcecode.c.h; path = "NSString+TPCategory.h"; sourceTree = "<group>"; };
		01C70DA319132D03006E3146 /* NSString+TPCategory.m */ = {isa = PBXFileReference; fileEncoding = 4; lastKnownFileType = sourcecode.c.objc; path = "NSString+TPCategory.m"; sourceTree = "<group>"; };
		01C70DA619132D13006E3146 /* UIDevice+TPCategory.h */ = {isa = PBXFileReference; fileEncoding = 4; lastKnownFileType = sourcecode.c.h; path = "UIDevice+TPCategory.h"; sourceTree = "<group>"; };
		01C70DA719132D13006E3146 /* UIDevice+TPCategory.m */ = {isa = PBXFileReference; fileEncoding = 4; lastKnownFileType = sourcecode.c.objc; path = "UIDevice+TPCategory.m"; sourceTree = "<group>"; };
		01C70DAB1913321D006E3146 /* CVUIPopoverView.h */ = {isa = PBXFileReference; fileEncoding = 4; lastKnownFileType = sourcecode.c.h; path = CVUIPopoverView.h; sourceTree = "<group>"; };
		01C70DAC1913321D006E3146 /* CVUIPopoverView.m */ = {isa = PBXFileReference; fileEncoding = 4; lastKnownFileType = sourcecode.c.objc; path = CVUIPopoverView.m; sourceTree = "<group>"; };
		01C70DAD1913321D006E3146 /* CVUIPopoverText.h */ = {isa = PBXFileReference; fileEncoding = 4; lastKnownFileType = sourcecode.c.h; path = CVUIPopoverText.h; sourceTree = "<group>"; };
		01C70DAE1913321D006E3146 /* CVUIPopoverText.m */ = {isa = PBXFileReference; fileEncoding = 4; lastKnownFileType = sourcecode.c.objc; path = CVUIPopoverText.m; sourceTree = "<group>"; };
		01C70DB119133943006E3146 /* CVUICalendar.h */ = {isa = PBXFileReference; fileEncoding = 4; lastKnownFileType = sourcecode.c.h; path = CVUICalendar.h; sourceTree = "<group>"; };
		01C70DB219133943006E3146 /* CVUICalendar.m */ = {isa = PBXFileReference; fileEncoding = 4; lastKnownFileType = sourcecode.c.objc; path = CVUICalendar.m; sourceTree = "<group>"; };
		01C70DBE19134BC1006E3146 /* CVUISelect.h */ = {isa = PBXFileReference; fileEncoding = 4; lastKnownFileType = sourcecode.c.h; path = CVUISelect.h; sourceTree = "<group>"; };
		01C70DBF19134BC1006E3146 /* CVUISelect.m */ = {isa = PBXFileReference; fileEncoding = 4; lastKnownFileType = sourcecode.c.objc; path = CVUISelect.m; sourceTree = "<group>"; };
		01EA095E183F4B7D00F42D9E /* GDataDefines.h */ = {isa = PBXFileReference; fileEncoding = 4; lastKnownFileType = sourcecode.c.h; path = GDataDefines.h; sourceTree = "<group>"; };
		01EA095F183F4B7D00F42D9E /* GDataTargetNamespace.h */ = {isa = PBXFileReference; fileEncoding = 4; lastKnownFileType = sourcecode.c.h; path = GDataTargetNamespace.h; sourceTree = "<group>"; };
		01EA0960183F4B7D00F42D9E /* GDataXMLNode.h */ = {isa = PBXFileReference; fileEncoding = 4; lastKnownFileType = sourcecode.c.h; path = GDataXMLNode.h; sourceTree = "<group>"; };
		01EA0961183F4B7D00F42D9E /* GDataXMLNode.m */ = {isa = PBXFileReference; fileEncoding = 4; lastKnownFileType = sourcecode.c.objc; path = GDataXMLNode.m; sourceTree = "<group>"; };
		01EA0962183F4B7D00F42D9E /* XmlNode.h */ = {isa = PBXFileReference; fileEncoding = 4; lastKnownFileType = sourcecode.c.h; path = XmlNode.h; sourceTree = "<group>"; };
		01EA0963183F4B7D00F42D9E /* XmlNode.m */ = {isa = PBXFileReference; fileEncoding = 4; lastKnownFileType = sourcecode.c.objc; path = XmlNode.m; sourceTree = "<group>"; };
		01EA0964183F4B7D00F42D9E /* XmlParseHelper.h */ = {isa = PBXFileReference; fileEncoding = 4; lastKnownFileType = sourcecode.c.h; path = XmlParseHelper.h; sourceTree = "<group>"; };
		01EA0965183F4B7D00F42D9E /* XmlParseHelper.m */ = {isa = PBXFileReference; fileEncoding = 4; lastKnownFileType = sourcecode.c.objc; path = XmlParseHelper.m; sourceTree = "<group>"; };
		01EA096B183F4BDC00F42D9E /* ASIAuthenticationDialog.h */ = {isa = PBXFileReference; fileEncoding = 4; lastKnownFileType = sourcecode.c.h; path = ASIAuthenticationDialog.h; sourceTree = "<group>"; };
		01EA096C183F4BDC00F42D9E /* ASIAuthenticationDialog.m */ = {isa = PBXFileReference; fileEncoding = 4; lastKnownFileType = sourcecode.c.objc; path = ASIAuthenticationDialog.m; sourceTree = "<group>"; };
		01EA096D183F4BDC00F42D9E /* ASICacheDelegate.h */ = {isa = PBXFileReference; fileEncoding = 4; lastKnownFileType = sourcecode.c.h; path = ASICacheDelegate.h; sourceTree = "<group>"; };
		01EA096E183F4BDC00F42D9E /* ASIDataCompressor.h */ = {isa = PBXFileReference; fileEncoding = 4; lastKnownFileType = sourcecode.c.h; path = ASIDataCompressor.h; sourceTree = "<group>"; };
		01EA096F183F4BDC00F42D9E /* ASIDataCompressor.m */ = {isa = PBXFileReference; fileEncoding = 4; lastKnownFileType = sourcecode.c.objc; path = ASIDataCompressor.m; sourceTree = "<group>"; };
		01EA0970183F4BDC00F42D9E /* ASIDataDecompressor.h */ = {isa = PBXFileReference; fileEncoding = 4; lastKnownFileType = sourcecode.c.h; path = ASIDataDecompressor.h; sourceTree = "<group>"; };
		01EA0971183F4BDC00F42D9E /* ASIDataDecompressor.m */ = {isa = PBXFileReference; fileEncoding = 4; lastKnownFileType = sourcecode.c.objc; path = ASIDataDecompressor.m; sourceTree = "<group>"; };
		01EA0972183F4BDC00F42D9E /* ASIDownloadCache.h */ = {isa = PBXFileReference; fileEncoding = 4; lastKnownFileType = sourcecode.c.h; path = ASIDownloadCache.h; sourceTree = "<group>"; };
		01EA0973183F4BDC00F42D9E /* ASIDownloadCache.m */ = {isa = PBXFileReference; fileEncoding = 4; lastKnownFileType = sourcecode.c.objc; path = ASIDownloadCache.m; sourceTree = "<group>"; };
		01EA0974183F4BDC00F42D9E /* ASIFormDataRequest.h */ = {isa = PBXFileReference; fileEncoding = 4; lastKnownFileType = sourcecode.c.h; path = ASIFormDataRequest.h; sourceTree = "<group>"; };
		01EA0975183F4BDC00F42D9E /* ASIFormDataRequest.m */ = {isa = PBXFileReference; fileEncoding = 4; lastKnownFileType = sourcecode.c.objc; path = ASIFormDataRequest.m; sourceTree = "<group>"; };
		01EA0976183F4BDC00F42D9E /* ASIHTTPRequest.h */ = {isa = PBXFileReference; fileEncoding = 4; lastKnownFileType = sourcecode.c.h; path = ASIHTTPRequest.h; sourceTree = "<group>"; };
		01EA0977183F4BDC00F42D9E /* ASIHTTPRequest.m */ = {isa = PBXFileReference; fileEncoding = 4; lastKnownFileType = sourcecode.c.objc; path = ASIHTTPRequest.m; sourceTree = "<group>"; };
		01EA0978183F4BDC00F42D9E /* ASIHTTPRequestConfig.h */ = {isa = PBXFileReference; fileEncoding = 4; lastKnownFileType = sourcecode.c.h; path = ASIHTTPRequestConfig.h; sourceTree = "<group>"; };
		01EA0979183F4BDC00F42D9E /* ASIHTTPRequestDelegate.h */ = {isa = PBXFileReference; fileEncoding = 4; lastKnownFileType = sourcecode.c.h; path = ASIHTTPRequestDelegate.h; sourceTree = "<group>"; };
		01EA097A183F4BDC00F42D9E /* ASIInputStream.h */ = {isa = PBXFileReference; fileEncoding = 4; lastKnownFileType = sourcecode.c.h; path = ASIInputStream.h; sourceTree = "<group>"; };
		01EA097B183F4BDC00F42D9E /* ASIInputStream.m */ = {isa = PBXFileReference; fileEncoding = 4; lastKnownFileType = sourcecode.c.objc; path = ASIInputStream.m; sourceTree = "<group>"; };
		01EA097C183F4BDC00F42D9E /* ASINetworkQueue.h */ = {isa = PBXFileReference; fileEncoding = 4; lastKnownFileType = sourcecode.c.h; path = ASINetworkQueue.h; sourceTree = "<group>"; };
		01EA097D183F4BDC00F42D9E /* ASINetworkQueue.m */ = {isa = PBXFileReference; fileEncoding = 4; lastKnownFileType = sourcecode.c.objc; path = ASINetworkQueue.m; sourceTree = "<group>"; };
		01EA097E183F4BDC00F42D9E /* ASIProgressDelegate.h */ = {isa = PBXFileReference; fileEncoding = 4; lastKnownFileType = sourcecode.c.h; path = ASIProgressDelegate.h; sourceTree = "<group>"; };
		01EA0988183F4BEE00F42D9E /* Reachability.h */ = {isa = PBXFileReference; fileEncoding = 4; lastKnownFileType = sourcecode.c.h; path = Reachability.h; sourceTree = "<group>"; };
		01EA0989183F4BEE00F42D9E /* Reachability.m */ = {isa = PBXFileReference; fileEncoding = 4; lastKnownFileType = sourcecode.c.objc; path = Reachability.m; sourceTree = "<group>"; };
		01EA0995183F4D0200F42D9E /* NetWorkConnection.h */ = {isa = PBXFileReference; fileEncoding = 4; lastKnownFileType = sourcecode.c.h; path = NetWorkConnection.h; sourceTree = "<group>"; };
		01EA0996183F4D0200F42D9E /* NetWorkConnection.m */ = {isa = PBXFileReference; fileEncoding = 4; lastKnownFileType = sourcecode.c.objc; path = NetWorkConnection.m; sourceTree = "<group>"; };
		01EA09A7183F4E3C00F42D9E /* UITextField+TPCategory.h */ = {isa = PBXFileReference; fileEncoding = 4; lastKnownFileType = sourcecode.c.h; path = "UITextField+TPCategory.h"; sourceTree = "<group>"; };
		01EA09A8183F4E3C00F42D9E /* UITextField+TPCategory.m */ = {isa = PBXFileReference; fileEncoding = 4; lastKnownFileType = sourcecode.c.objc; path = "UITextField+TPCategory.m"; sourceTree = "<group>"; };
		01EA09AB183F4EF400F42D9E /* Global.h */ = {isa = PBXFileReference; fileEncoding = 4; lastKnownFileType = sourcecode.c.h; path = Global.h; sourceTree = "<group>"; };
		26A200EA17997D0700A7D3D1 /* UIViewController+TPCategory.h */ = {isa = PBXFileReference; fileEncoding = 4; lastKnownFileType = sourcecode.c.h; path = "UIViewController+TPCategory.h"; sourceTree = "<group>"; };
		26A200EB17997D0700A7D3D1 /* UIViewController+TPCategory.m */ = {isa = PBXFileReference; fileEncoding = 4; lastKnownFileType = sourcecode.c.objc; path = "UIViewController+TPCategory.m"; sourceTree = "<group>"; };
		26A49A7B179AE18F0038D4AF /* ImageIO.framework */ = {isa = PBXFileReference; lastKnownFileType = wrapper.framework; name = ImageIO.framework; path = System/Library/Frameworks/ImageIO.framework; sourceTree = SDKROOT; };
		26A49A7D179AE19B0038D4AF /* MapKit.framework */ = {isa = PBXFileReference; lastKnownFileType = wrapper.framework; name = MapKit.framework; path = System/Library/Frameworks/MapKit.framework; sourceTree = SDKROOT; };
		26AE40D61790F39900A1EDEC /* libTPLibrary.a */ = {isa = PBXFileReference; explicitFileType = archive.ar; includeInIndex = 0; path = libTPLibrary.a; sourceTree = BUILT_PRODUCTS_DIR; };
		26AE40D91790F39900A1EDEC /* Foundation.framework */ = {isa = PBXFileReference; lastKnownFileType = wrapper.framework; name = Foundation.framework; path = System/Library/Frameworks/Foundation.framework; sourceTree = SDKROOT; };
		26AE40DD1790F39900A1EDEC /* TPLibrary-Prefix.pch */ = {isa = PBXFileReference; lastKnownFileType = sourcecode.c.h; path = "TPLibrary-Prefix.pch"; sourceTree = "<group>"; };
		26AE40DE1790F39900A1EDEC /* TPLibrary.h */ = {isa = PBXFileReference; lastKnownFileType = sourcecode.c.h; path = TPLibrary.h; sourceTree = "<group>"; };
		26AE40E01790F39900A1EDEC /* TPLibrary.m */ = {isa = PBXFileReference; lastKnownFileType = sourcecode.c.objc; path = TPLibrary.m; sourceTree = "<group>"; };
		26AE40EB1790F44100A1EDEC /* UIKit.framework */ = {isa = PBXFileReference; lastKnownFileType = wrapper.framework; name = UIKit.framework; path = System/Library/Frameworks/UIKit.framework; sourceTree = SDKROOT; };
		26AE40F91790F7B800A1EDEC /* UIView+TPCategory.h */ = {isa = PBXFileReference; fileEncoding = 4; lastKnownFileType = sourcecode.c.h; path = "UIView+TPCategory.h"; sourceTree = "<group>"; };
		26AE40FA1790F7B800A1EDEC /* UIView+TPCategory.m */ = {isa = PBXFileReference; fileEncoding = 4; lastKnownFileType = sourcecode.c.objc; path = "UIView+TPCategory.m"; sourceTree = "<group>"; };
		26AE40FC1790F99B00A1EDEC /* UIScrollview+TPCategory.h */ = {isa = PBXFileReference; fileEncoding = 4; lastKnownFileType = sourcecode.c.h; path = "UIScrollview+TPCategory.h"; sourceTree = "<group>"; };
		26AE40FD1790F99B00A1EDEC /* UIScrollview+TPCategory.m */ = {isa = PBXFileReference; fileEncoding = 4; lastKnownFileType = sourcecode.c.objc; path = "UIScrollview+TPCategory.m"; sourceTree = "<group>"; };
		26AE41061791001500A1EDEC /* NSDictionary+TPCategory.h */ = {isa = PBXFileReference; fileEncoding = 4; lastKnownFileType = sourcecode.c.h; path = "NSDictionary+TPCategory.h"; sourceTree = "<group>"; };
		26AE41071791001500A1EDEC /* NSDictionary+TPCategory.m */ = {isa = PBXFileReference; fileEncoding = 4; lastKnownFileType = sourcecode.c.objc; path = "NSDictionary+TPCategory.m"; sourceTree = "<group>"; };
		26AE412C1791218100A1EDEC /* QuartzCore.framework */ = {isa = PBXFileReference; lastKnownFileType = wrapper.framework; name = QuartzCore.framework; path = System/Library/Frameworks/QuartzCore.framework; sourceTree = SDKROOT; };
		26B479CA1792830500231C18 /* DownloadManager.h */ = {isa = PBXFileReference; fileEncoding = 4; lastKnownFileType = sourcecode.c.h; path = DownloadManager.h; sourceTree = "<group>"; };
		26B479CB1792830500231C18 /* DownloadManager.m */ = {isa = PBXFileReference; fileEncoding = 4; lastKnownFileType = sourcecode.c.objc; path = DownloadManager.m; sourceTree = "<group>"; };
		26B479CC1792830500231C18 /* DownLoadArgs.h */ = {isa = PBXFileReference; fileEncoding = 4; lastKnownFileType = sourcecode.c.h; path = DownLoadArgs.h; sourceTree = "<group>"; };
		26B479CD1792830500231C18 /* DownLoadArgs.m */ = {isa = PBXFileReference; fileEncoding = 4; lastKnownFileType = sourcecode.c.objc; path = DownLoadArgs.m; sourceTree = "<group>"; };
		26B479D2179283C900231C18 /* SVGeocoder.h */ = {isa = PBXFileReference; fileEncoding = 4; lastKnownFileType = sourcecode.c.h; path = SVGeocoder.h; sourceTree = "<group>"; };
		26B479D3179283C900231C18 /* SVGeocoder.m */ = {isa = PBXFileReference; fileEncoding = 4; lastKnownFileType = sourcecode.c.objc; path = SVGeocoder.m; sourceTree = "<group>"; };
		26B479D4179283C900231C18 /* SVPlacemark.h */ = {isa = PBXFileReference; fileEncoding = 4; lastKnownFileType = sourcecode.c.h; path = SVPlacemark.h; sourceTree = "<group>"; };
		26B479D5179283C900231C18 /* SVPlacemark.m */ = {isa = PBXFileReference; fileEncoding = 4; lastKnownFileType = sourcecode.c.objc; path = SVPlacemark.m; sourceTree = "<group>"; };
		26B479DB1792846200231C18 /* CoreLocation.framework */ = {isa = PBXFileReference; lastKnownFileType = wrapper.framework; name = CoreLocation.framework; path = System/Library/Frameworks/CoreLocation.framework; sourceTree = SDKROOT; };
		26B7A2F41791A5C9002BB336 /* CoreGraphics.framework */ = {isa = PBXFileReference; lastKnownFileType = wrapper.framework; name = CoreGraphics.framework; path = System/Library/Frameworks/CoreGraphics.framework; sourceTree = SDKROOT; };
		26B7A3031791A6AB002BB336 /* libxml2.dylib */ = {isa = PBXFileReference; lastKnownFileType = "compiled.mach-o.dylib"; name = libxml2.dylib; path = usr/lib/libxml2.dylib; sourceTree = SDKROOT; };
		26B7A31F1791A728002BB336 /* CFNetwork.framework */ = {isa = PBXFileReference; lastKnownFileType = wrapper.framework; name = CFNetwork.framework; path = System/Library/Frameworks/CFNetwork.framework; sourceTree = SDKROOT; };
		26B7A3211791A72E002BB336 /* MobileCoreServices.framework */ = {isa = PBXFileReference; lastKnownFileType = wrapper.framework; name = MobileCoreServices.framework; path = System/Library/Frameworks/MobileCoreServices.framework; sourceTree = SDKROOT; };
		26B7A3231791A739002BB336 /* SystemConfiguration.framework */ = {isa = PBXFileReference; lastKnownFileType = wrapper.framework; name = SystemConfiguration.framework; path = System/Library/Frameworks/SystemConfiguration.framework; sourceTree = SDKROOT; };
		26B7A3251791A74D002BB336 /* libz.dylib */ = {isa = PBXFileReference; lastKnownFileType = "compiled.mach-o.dylib"; name = libz.dylib; path = usr/lib/libz.dylib; sourceTree = SDKROOT; };
/* End PBXFileReference section */

/* Begin PBXFrameworksBuildPhase section */
		26AE40D31790F39900A1EDEC /* Frameworks */ = {
			isa = PBXFrameworksBuildPhase;
			buildActionMask = 2147483647;
			files = (
				26A49A7E179AE19B0038D4AF /* MapKit.framework in Frameworks */,
				26A49A7C179AE18F0038D4AF /* ImageIO.framework in Frameworks */,
				26B479DC1792846200231C18 /* CoreLocation.framework in Frameworks */,
				26B7A3261791A74D002BB336 /* libz.dylib in Frameworks */,
				26B7A3241791A739002BB336 /* SystemConfiguration.framework in Frameworks */,
				26B7A3221791A72E002BB336 /* MobileCoreServices.framework in Frameworks */,
				26B7A3201791A728002BB336 /* CFNetwork.framework in Frameworks */,
				26B7A3041791A6AB002BB336 /* libxml2.dylib in Frameworks */,
				26B7A2F51791A5C9002BB336 /* CoreGraphics.framework in Frameworks */,
				26AE412D1791218100A1EDEC /* QuartzCore.framework in Frameworks */,
				26AE40EC1790F44100A1EDEC /* UIKit.framework in Frameworks */,
				26AE40DA1790F39900A1EDEC /* Foundation.framework in Frameworks */,
			);
			runOnlyForDeploymentPostprocessing = 0;
		};
/* End PBXFrameworksBuildPhase section */

/* Begin PBXGroup section */
		015A24F71913270900E5D68C /* GCD */ = {
			isa = PBXGroup;
			children = (
				01097080191328B000FC8684 /* GCDHelper.h */,
				0109707F191328B000FC8684 /* CCDHelper.m */,
			);
			name = GCD;
			sourceTree = "<group>";
		};
		01C70DA9191331FD006E3146 /* Calendar */ = {
			isa = PBXGroup;
			children = (
				01C70DB119133943006E3146 /* CVUICalendar.h */,
				01C70DB219133943006E3146 /* CVUICalendar.m */,
				01C70DAA19133213006E3146 /* HelperView */,
			);
			name = Calendar;
			sourceTree = "<group>";
		};
		01C70DAA19133213006E3146 /* HelperView */ = {
			isa = PBXGroup;
			children = (
				01C70DAB1913321D006E3146 /* CVUIPopoverView.h */,
				01C70DAC1913321D006E3146 /* CVUIPopoverView.m */,
				01C70DAD1913321D006E3146 /* CVUIPopoverText.h */,
				01C70DAE1913321D006E3146 /* CVUIPopoverText.m */,
			);
			name = HelperView;
			sourceTree = "<group>";
		};
		01C70DBD19134BA9006E3146 /* Select */ = {
			isa = PBXGroup;
			children = (
				01C70DBE19134BC1006E3146 /* CVUISelect.h */,
				01C70DBF19134BC1006E3146 /* CVUISelect.m */,
			);
			name = Select;
			sourceTree = "<group>";
		};
		01EA095D183F4B7D00F42D9E /* GDataXml */ = {
			isa = PBXGroup;
			children = (
				01EA095E183F4B7D00F42D9E /* GDataDefines.h */,
				01EA095F183F4B7D00F42D9E /* GDataTargetNamespace.h */,
				01EA0960183F4B7D00F42D9E /* GDataXMLNode.h */,
				01EA0961183F4B7D00F42D9E /* GDataXMLNode.m */,
				01EA0962183F4B7D00F42D9E /* XmlNode.h */,
				01EA0963183F4B7D00F42D9E /* XmlNode.m */,
				01EA0964183F4B7D00F42D9E /* XmlParseHelper.h */,
				01EA0965183F4B7D00F42D9E /* XmlParseHelper.m */,
			);
			path = GDataXml;
			sourceTree = "<group>";
		};
		01EA0969183F4BA400F42D9E /* lib */ = {
			isa = PBXGroup;
			children = (
				01EA0987183F4BEE00F42D9E /* Reachability */,
				01EA096A183F4BDC00F42D9E /* ASIHttpRequest */,
				01EA095D183F4B7D00F42D9E /* GDataXml */,
			);
			name = lib;
			sourceTree = "<group>";
		};
		01EA096A183F4BDC00F42D9E /* ASIHttpRequest */ = {
			isa = PBXGroup;
			children = (
				01EA096B183F4BDC00F42D9E /* ASIAuthenticationDialog.h */,
				01EA096C183F4BDC00F42D9E /* ASIAuthenticationDialog.m */,
				01EA096D183F4BDC00F42D9E /* ASICacheDelegate.h */,
				01EA096E183F4BDC00F42D9E /* ASIDataCompressor.h */,
				01EA096F183F4BDC00F42D9E /* ASIDataCompressor.m */,
				01EA0970183F4BDC00F42D9E /* ASIDataDecompressor.h */,
				01EA0971183F4BDC00F42D9E /* ASIDataDecompressor.m */,
				01EA0972183F4BDC00F42D9E /* ASIDownloadCache.h */,
				01EA0973183F4BDC00F42D9E /* ASIDownloadCache.m */,
				01EA0974183F4BDC00F42D9E /* ASIFormDataRequest.h */,
				01EA0975183F4BDC00F42D9E /* ASIFormDataRequest.m */,
				01EA0976183F4BDC00F42D9E /* ASIHTTPRequest.h */,
				01EA0977183F4BDC00F42D9E /* ASIHTTPRequest.m */,
				01EA0978183F4BDC00F42D9E /* ASIHTTPRequestConfig.h */,
				01EA0979183F4BDC00F42D9E /* ASIHTTPRequestDelegate.h */,
				01EA097A183F4BDC00F42D9E /* ASIInputStream.h */,
				01EA097B183F4BDC00F42D9E /* ASIInputStream.m */,
				01EA097C183F4BDC00F42D9E /* ASINetworkQueue.h */,
				01EA097D183F4BDC00F42D9E /* ASINetworkQueue.m */,
				01EA097E183F4BDC00F42D9E /* ASIProgressDelegate.h */,
			);
			path = ASIHttpRequest;
			sourceTree = "<group>";
		};
		01EA0987183F4BEE00F42D9E /* Reachability */ = {
			isa = PBXGroup;
			children = (
				01EA0988183F4BEE00F42D9E /* Reachability.h */,
				01EA0989183F4BEE00F42D9E /* Reachability.m */,
			);
			path = Reachability;
			sourceTree = "<group>";
		};
		01EA098B183F4C5700F42D9E /* WebService */ = {
			isa = PBXGroup;
			children = (
				01C70D8819132B14006E3146 /* ASIServiceArgs.h */,
				01C70D8919132B14006E3146 /* ASIServiceArgs.m */,
				01C70D8A19132B14006E3146 /* ASIServiceResult.h */,
				01C70D8B19132B14006E3146 /* ASIServiceResult.m */,
				01C70D8C19132B14006E3146 /* ASIServiceHTTPRequest.h */,
				01C70D8D19132B14006E3146 /* ASIServiceHTTPRequest.m */,
				01C70D8E19132B14006E3146 /* ASIServiceHelper.h */,
				01C70D8F19132B14006E3146 /* ASIServiceHelper.m */,
			);
			path = WebService;
			sourceTree = "<group>";
		};
		01EA09AA183F4EE900F42D9E /* Uitils */ = {
			isa = PBXGroup;
			children = (
				01C249AA19136CB900789F42 /* FileHelper.h */,
				01C249AB19136CB900789F42 /* FileHelper.m */,
				01EA09AB183F4EF400F42D9E /* Global.h */,
			);
			name = Uitils;
			sourceTree = "<group>";
		};
		26AE40CB1790F39900A1EDEC = {
			isa = PBXGroup;
			children = (
				26AE40DB1790F39900A1EDEC /* TPLibrary */,
				26AE40D81790F39900A1EDEC /* Frameworks */,
				26AE40D71790F39900A1EDEC /* Products */,
			);
			sourceTree = "<group>";
		};
		26AE40D71790F39900A1EDEC /* Products */ = {
			isa = PBXGroup;
			children = (
				26AE40D61790F39900A1EDEC /* libTPLibrary.a */,
			);
			name = Products;
			sourceTree = "<group>";
		};
		26AE40D81790F39900A1EDEC /* Frameworks */ = {
			isa = PBXGroup;
			children = (
				26A49A7D179AE19B0038D4AF /* MapKit.framework */,
				26A49A7B179AE18F0038D4AF /* ImageIO.framework */,
				26B479DB1792846200231C18 /* CoreLocation.framework */,
				26B7A3251791A74D002BB336 /* libz.dylib */,
				26B7A3231791A739002BB336 /* SystemConfiguration.framework */,
				26B7A3211791A72E002BB336 /* MobileCoreServices.framework */,
				26B7A31F1791A728002BB336 /* CFNetwork.framework */,
				26B7A3031791A6AB002BB336 /* libxml2.dylib */,
				26B7A2F41791A5C9002BB336 /* CoreGraphics.framework */,
				26AE412C1791218100A1EDEC /* QuartzCore.framework */,
				26AE40EB1790F44100A1EDEC /* UIKit.framework */,
				26AE40D91790F39900A1EDEC /* Foundation.framework */,
			);
			name = Frameworks;
			sourceTree = "<group>";
		};
		26AE40DB1790F39900A1EDEC /* TPLibrary */ = {
			isa = PBXGroup;
			children = (
				015A24F71913270900E5D68C /* GCD */,
				01EA09AA183F4EE900F42D9E /* Uitils */,
				01EA0969183F4BA400F42D9E /* lib */,
				26B479C01792823100231C18 /* Core */,
				26AE40FF1790FA7800A1EDEC /* UI */,
				26AE40E71790F3AE00A1EDEC /* Category */,
				26AE40DE1790F39900A1EDEC /* TPLibrary.h */,
				26AE40E01790F39900A1EDEC /* TPLibrary.m */,
				26AE40DC1790F39900A1EDEC /* Supporting Files */,
			);
			path = TPLibrary;
			sourceTree = "<group>";
		};
		26AE40DC1790F39900A1EDEC /* Supporting Files */ = {
			isa = PBXGroup;
			children = (
				26AE40DD1790F39900A1EDEC /* TPLibrary-Prefix.pch */,
			);
			name = "Supporting Files";
			sourceTree = "<group>";
		};
		26AE40E71790F3AE00A1EDEC /* Category */ = {
			isa = PBXGroup;
			children = (
				01C249AD19137C1E00789F42 /* NSTimer+TPCategory.h */,
				01C249AE19137C1E00789F42 /* NSTimer+TPCategory.m */,
				01C70DA619132D13006E3146 /* UIDevice+TPCategory.h */,
				01C70DA719132D13006E3146 /* UIDevice+TPCategory.m */,
				01C70DA019132D03006E3146 /* NSDate+TPCategory.h */,
				01C70DA119132D03006E3146 /* NSDate+TPCategory.m */,
				01C70DA219132D03006E3146 /* NSString+TPCategory.h */,
				01C70DA319132D03006E3146 /* NSString+TPCategory.m */,
				01C70D9D19132CFA006E3146 /* UIColor+TPCategory.h */,
				01C70D9E19132CFA006E3146 /* UIColor+TPCategory.m */,
				01C70D9719132CE3006E3146 /* NSData+TPCategory.h */,
				01C70D9819132CE3006E3146 /* NSData+TPCategory.m */,
				01C70D9919132CE3006E3146 /* UIImage+TPCategory.h */,
				01C70D9A19132CE3006E3146 /* UIImage+TPCategory.m */,
				01EA09A7183F4E3C00F42D9E /* UITextField+TPCategory.h */,
				01EA09A8183F4E3C00F42D9E /* UITextField+TPCategory.m */,
				26AE41061791001500A1EDEC /* NSDictionary+TPCategory.h */,
				26AE41071791001500A1EDEC /* NSDictionary+TPCategory.m */,
				26AE40FC1790F99B00A1EDEC /* UIScrollview+TPCategory.h */,
				26AE40FD1790F99B00A1EDEC /* UIScrollview+TPCategory.m */,
				26AE40F91790F7B800A1EDEC /* UIView+TPCategory.h */,
				26AE40FA1790F7B800A1EDEC /* UIView+TPCategory.m */,
				26A200EA17997D0700A7D3D1 /* UIViewController+TPCategory.h */,
				26A200EB17997D0700A7D3D1 /* UIViewController+TPCategory.m */,
			);
			name = Category;
			sourceTree = "<group>";
		};
		26AE40FF1790FA7800A1EDEC /* UI */ = {
			isa = PBXGroup;
			children = (
				01C70DBD19134BA9006E3146 /* Select */,
				01C70DA9191331FD006E3146 /* Calendar */,
			);
			name = UI;
			sourceTree = "<group>";
		};
		26B479C01792823100231C18 /* Core */ = {
			isa = PBXGroup;
			children = (
				01EA098B183F4C5700F42D9E /* WebService */,
				26B479EA179287AC00231C18 /* NetWork */,
				26B479D0179283A700231C18 /* GPS */,
				26B479C9179282F700231C18 /* FileDownLoad */,
			);
			name = Core;
			sourceTree = "<group>";
		};
		26B479C9179282F700231C18 /* FileDownLoad */ = {
			isa = PBXGroup;
			children = (
				26B479CA1792830500231C18 /* DownloadManager.h */,
				26B479CB1792830500231C18 /* DownloadManager.m */,
				26B479CC1792830500231C18 /* DownLoadArgs.h */,
				26B479CD1792830500231C18 /* DownLoadArgs.m */,
			);
			name = FileDownLoad;
			sourceTree = "<group>";
		};
		26B479D0179283A700231C18 /* GPS */ = {
			isa = PBXGroup;
			children = (
				01C70D9419132B99006E3146 /* LocationGPS.h */,
				01C70D9519132B99006E3146 /* LocationGPS.m */,
				26B479D1179283BA00231C18 /* SVGeocoder */,
			);
			name = GPS;
			sourceTree = "<group>";
		};
		26B479D1179283BA00231C18 /* SVGeocoder */ = {
			isa = PBXGroup;
			children = (
				26B479D2179283C900231C18 /* SVGeocoder.h */,
				26B479D3179283C900231C18 /* SVGeocoder.m */,
				26B479D4179283C900231C18 /* SVPlacemark.h */,
				26B479D5179283C900231C18 /* SVPlacemark.m */,
			);
			name = SVGeocoder;
			sourceTree = "<group>";
		};
		26B479EA179287AC00231C18 /* NetWork */ = {
			isa = PBXGroup;
			children = (
				01EA0995183F4D0200F42D9E /* NetWorkConnection.h */,
				01EA0996183F4D0200F42D9E /* NetWorkConnection.m */,
			);
			name = NetWork;
			sourceTree = "<group>";
		};
/* End PBXGroup section */

/* Begin PBXNativeTarget section */
		26AE40D51790F39900A1EDEC /* TPLibrary */ = {
			isa = PBXNativeTarget;
			buildConfigurationList = 26AE40E41790F39900A1EDEC /* Build configuration list for PBXNativeTarget "TPLibrary" */;
			buildPhases = (
				26AE40D21790F39900A1EDEC /* Sources */,
				26AE40D31790F39900A1EDEC /* Frameworks */,
				26AE40D41790F39900A1EDEC /* CopyFiles */,
			);
			buildRules = (
			);
			dependencies = (
			);
			name = TPLibrary;
			productName = TPLibrary;
			productReference = 26AE40D61790F39900A1EDEC /* libTPLibrary.a */;
			productType = "com.apple.product-type.library.static";
		};
/* End PBXNativeTarget section */

/* Begin PBXProject section */
		26AE40CD1790F39900A1EDEC /* Project object */ = {
			isa = PBXProject;
			attributes = {
				LastUpgradeCheck = 0450;
				ORGANIZATIONNAME = rang;
			};
			buildConfigurationList = 26AE40D01790F39900A1EDEC /* Build configuration list for PBXProject "TPLibrary" */;
			compatibilityVersion = "Xcode 3.2";
			developmentRegion = English;
			hasScannedForEncodings = 0;
			knownRegions = (
				en,
			);
			mainGroup = 26AE40CB1790F39900A1EDEC;
			productRefGroup = 26AE40D71790F39900A1EDEC /* Products */;
			projectDirPath = "";
			projectRoot = "";
			targets = (
				26AE40D51790F39900A1EDEC /* TPLibrary */,
			);
		};
/* End PBXProject section */

/* Begin PBXSourcesBuildPhase section */
		26AE40D21790F39900A1EDEC /* Sources */ = {
			isa = PBXSourcesBuildPhase;
			buildActionMask = 2147483647;
			files = (
				26AE40E11790F39900A1EDEC /* TPLibrary.m in Sources */,
				01EA0981183F4BDC00F42D9E /* ASIDataDecompressor.m in Sources */,
				01EA0982183F4BDC00F42D9E /* ASIDownloadCache.m in Sources */,
				26AE40FB1790F7B900A1EDEC /* UIView+TPCategory.m in Sources */,
				26AE40FE1790F99C00A1EDEC /* UIScrollview+TPCategory.m in Sources */,
				01C70DAF1913321D006E3146 /* CVUIPopoverView.m in Sources */,
				26AE41081791001500A1EDEC /* NSDictionary+TPCategory.m in Sources */,
				01EA0968183F4B7D00F42D9E /* XmlParseHelper.m in Sources */,
				01C70DB01913321D006E3146 /* CVUIPopoverText.m in Sources */,
				26B479CE1792830500231C18 /* DownloadManager.m in Sources */,
				26B479CF1792830500231C18 /* DownLoadArgs.m in Sources */,
				01C70D9B19132CE3006E3146 /* NSData+TPCategory.m in Sources */,
				01C70DA419132D03006E3146 /* NSDate+TPCategory.m in Sources */,
				01C70DC019134BC1006E3146 /* CVUISelect.m in Sources */,
				01C70DA819132D13006E3146 /* UIDevice+TPCategory.m in Sources */,
				01C249AC19136CB900789F42 /* FileHelper.m in Sources */,
				26B479D6179283C900231C18 /* SVGeocoder.m in Sources */,
				01C70D9619132B99006E3146 /* LocationGPS.m in Sources */,
				26B479D7179283C900231C18 /* SVPlacemark.m in Sources */,
				26A200EC17997D0700A7D3D1 /* UIViewController+TPCategory.m in Sources */,
				01EA0997183F4D0200F42D9E /* NetWorkConnection.m in Sources */,
				01EA0980183F4BDC00F42D9E /* ASIDataCompressor.m in Sources */,
				01C70DB319133943006E3146 /* CVUICalendar.m in Sources */,
				01EA0967183F4B7D00F42D9E /* XmlNode.m in Sources */,
				01EA0986183F4BDC00F42D9E /* ASINetworkQueue.m in Sources */,
				01EA098A183F4BEE00F42D9E /* Reachability.m in Sources */,
				01EA0984183F4BDC00F42D9E /* ASIHTTPRequest.m in Sources */,
				01EA0983183F4BDC00F42D9E /* ASIFormDataRequest.m in Sources */,
				01C249AF19137C1E00789F42 /* NSTimer+TPCategory.m in Sources */,
				01C70D9019132B14006E3146 /* ASIServiceArgs.m in Sources */,
				01EA097F183F4BDC00F42D9E /* ASIAuthenticationDialog.m in Sources */,
				01C70D9319132B14006E3146 /* ASIServiceHelper.m in Sources */,
				01C70DA519132D03006E3146 /* NSString+TPCategory.m in Sources */,
				01EA0966183F4B7D00F42D9E /* GDataXMLNode.m in Sources */,
				01C70D9F19132CFA006E3146 /* UIColor+TPCategory.m in Sources */,
				01C70D9219132B14006E3146 /* ASIServiceHTTPRequest.m in Sources */,
				01C70D9119132B14006E3146 /* ASIServiceResult.m in Sources */,
				01EA09A9183F4E3C00F42D9E /* UITextField+TPCategory.m in Sources */,
				01EA0985183F4BDC00F42D9E /* ASIInputStream.m in Sources */,
				01097081191328B000FC8684 /* CCDHelper.m in Sources */,
				01C70D9C19132CE3006E3146 /* UIImage+TPCategory.m in Sources */,
			);
			runOnlyForDeploymentPostprocessing = 0;
		};
/* End PBXSourcesBuildPhase section */

/* Begin XCBuildConfiguration section */
		26AE40E21790F39900A1EDEC /* Debug */ = {
			isa = XCBuildConfiguration;
			buildSettings = {
				ALWAYS_SEARCH_USER_PATHS = NO;
				CLANG_CXX_LANGUAGE_STANDARD = "gnu++0x";
				CLANG_CXX_LIBRARY = "libc++";
				CLANG_WARN_EMPTY_BODY = YES;
				CLANG_WARN__DUPLICATE_METHOD_MATCH = YES;
				COPY_PHASE_STRIP = NO;
				GCC_C_LANGUAGE_STANDARD = gnu99;
				GCC_DYNAMIC_NO_PIC = NO;
				GCC_OPTIMIZATION_LEVEL = 0;
				GCC_PREPROCESSOR_DEFINITIONS = (
					"DEBUG=1",
					"$(inherited)",
				);
				GCC_SYMBOLS_PRIVATE_EXTERN = NO;
				GCC_WARN_ABOUT_RETURN_TYPE = YES;
				GCC_WARN_UNINITIALIZED_AUTOS = YES;
				GCC_WARN_UNUSED_VARIABLE = YES;
				HEADER_SEARCH_PATHS = "${SDK_ROOT}/usr/include/libxml2";
				IPHONEOS_DEPLOYMENT_TARGET = 6.0;
				SDKROOT = iphoneos;
			};
			name = Debug;
		};
		26AE40E31790F39900A1EDEC /* Release */ = {
			isa = XCBuildConfiguration;
			buildSettings = {
				ALWAYS_SEARCH_USER_PATHS = NO;
				CLANG_CXX_LANGUAGE_STANDARD = "gnu++0x";
				CLANG_CXX_LIBRARY = "libc++";
				CLANG_WARN_EMPTY_BODY = YES;
				CLANG_WARN__DUPLICATE_METHOD_MATCH = YES;
				COPY_PHASE_STRIP = YES;
				GCC_C_LANGUAGE_STANDARD = gnu99;
				GCC_WARN_ABOUT_RETURN_TYPE = YES;
				GCC_WARN_UNINITIALIZED_AUTOS = YES;
				GCC_WARN_UNUSED_VARIABLE = YES;
				HEADER_SEARCH_PATHS = "${SDK_ROOT}/usr/include/libxml2";
				IPHONEOS_DEPLOYMENT_TARGET = 6.0;
				SDKROOT = iphoneos;
				VALIDATE_PRODUCT = YES;
			};
			name = Release;
		};
		26AE40E51790F39900A1EDEC /* Debug */ = {
			isa = XCBuildConfiguration;
			buildSettings = {
				DSTROOT = /tmp/TPLibrary.dst;
				GCC_PRECOMPILE_PREFIX_HEADER = YES;
				GCC_PREFIX_HEADER = "TPLibrary/TPLibrary-Prefix.pch";
				INSTALL_PATH = "$(BUILT_PRODUCTS_DIR)";
				OTHER_LDFLAGS = "-ObjC";
				PRODUCT_NAME = "$(TARGET_NAME)";
				PUBLIC_HEADERS_FOLDER_PATH = "$(TARGET_NAME)";
				SKIP_INSTALL = YES;
			};
			name = Debug;
		};
		26AE40E61790F39900A1EDEC /* Release */ = {
			isa = XCBuildConfiguration;
			buildSettings = {
				DSTROOT = /tmp/TPLibrary.dst;
				GCC_PRECOMPILE_PREFIX_HEADER = YES;
				GCC_PREFIX_HEADER = "TPLibrary/TPLibrary-Prefix.pch";
				INSTALL_PATH = "$(BUILT_PRODUCTS_DIR)";
				OTHER_LDFLAGS = "-ObjC";
				PRODUCT_NAME = "$(TARGET_NAME)";
				PUBLIC_HEADERS_FOLDER_PATH = "$(TARGET_NAME)";
				SKIP_INSTALL = YES;
			};
			name = Release;
		};
/* End XCBuildConfiguration section */

/* Begin XCConfigurationList section */
		26AE40D01790F39900A1EDEC /* Build configuration list for PBXProject "TPLibrary" */ = {
			isa = XCConfigurationList;
			buildConfigurations = (
				26AE40E21790F39900A1EDEC /* Debug */,
				26AE40E31790F39900A1EDEC /* Release */,
			);
			defaultConfigurationIsVisible = 0;
			defaultConfigurationName = Release;
		};
		26AE40E41790F39900A1EDEC /* Build configuration list for PBXNativeTarget "TPLibrary" */ = {
			isa = XCConfigurationList;
			buildConfigurations = (
				26AE40E51790F39900A1EDEC /* Debug */,
				26AE40E61790F39900A1EDEC /* Release */,
			);
			defaultConfigurationIsVisible = 0;
			defaultConfigurationName = Release;
		};
/* End XCConfigurationList section */
	};
	rootObject = 26AE40CD1790F39900A1EDEC /* Project object */;
}
