// !$*UTF8*$!
{
	archiveVersion = 1;
	classes = {
	};
	objectVersion = 46;
	objects = {

/* Begin PBXBuildFile section */
		26A200EC17997D0700A7D3D1 /* UIViewController+TPCategory.m in Sources */ = {isa = PBXBuildFile; fileRef = 26A200EB17997D0700A7D3D1 /* UIViewController+TPCategory.m */; };
		26A20109179981ED00A7D3D1 /* NSOperationQueue+WBNoticeExtensions.m in Sources */ = {isa = PBXBuildFile; fileRef = 26A200F5179981ED00A7D3D1 /* NSOperationQueue+WBNoticeExtensions.m */; };
		26A2010A179981ED00A7D3D1 /* UILabel+WBExtensions.m in Sources */ = {isa = PBXBuildFile; fileRef = 26A200F7179981ED00A7D3D1 /* UILabel+WBExtensions.m */; };
		26A2010B179981ED00A7D3D1 /* WBBlueGradientView.m in Sources */ = {isa = PBXBuildFile; fileRef = 26A200F9179981ED00A7D3D1 /* WBBlueGradientView.m */; };
		26A2010C179981ED00A7D3D1 /* WBErrorNoticeView.m in Sources */ = {isa = PBXBuildFile; fileRef = 26A200FB179981ED00A7D3D1 /* WBErrorNoticeView.m */; };
		26A2010D179981ED00A7D3D1 /* WBGrayGradientView.m in Sources */ = {isa = PBXBuildFile; fileRef = 26A200FD179981ED00A7D3D1 /* WBGrayGradientView.m */; };
		26A2010E179981ED00A7D3D1 /* WBNoticeOperation.m in Sources */ = {isa = PBXBuildFile; fileRef = 26A200FF179981ED00A7D3D1 /* WBNoticeOperation.m */; settings = {COMPILER_FLAGS = "-fobjc-arc"; }; };
		26A2010F179981ED00A7D3D1 /* WBNoticeView.m in Sources */ = {isa = PBXBuildFile; fileRef = 26A20102179981ED00A7D3D1 /* WBNoticeView.m */; settings = {COMPILER_FLAGS = "-fobjc-arc"; }; };
		26A20110179981ED00A7D3D1 /* WBRedGradientView.m in Sources */ = {isa = PBXBuildFile; fileRef = 26A20104179981ED00A7D3D1 /* WBRedGradientView.m */; };
		26A20111179981ED00A7D3D1 /* WBStickyNoticeView.m in Sources */ = {isa = PBXBuildFile; fileRef = 26A20106179981ED00A7D3D1 /* WBStickyNoticeView.m */; };
		26A20112179981ED00A7D3D1 /* WBSuccessNoticeView.m in Sources */ = {isa = PBXBuildFile; fileRef = 26A20108179981ED00A7D3D1 /* WBSuccessNoticeView.m */; };
		26A2012A1799920500A7D3D1 /* NSOperationQueue+WBNoticeExtensions.h in CopyFiles */ = {isa = PBXBuildFile; fileRef = 26A200F4179981ED00A7D3D1 /* NSOperationQueue+WBNoticeExtensions.h */; };
		26A2012B1799922F00A7D3D1 /* WBErrorNoticeView.h in CopyFiles */ = {isa = PBXBuildFile; fileRef = 26A200FA179981ED00A7D3D1 /* WBErrorNoticeView.h */; };
		26A2012C1799923C00A7D3D1 /* WBNoticeOperation.h in CopyFiles */ = {isa = PBXBuildFile; fileRef = 26A200FE179981ED00A7D3D1 /* WBNoticeOperation.h */; };
		26A2012D1799924900A7D3D1 /* WBSuccessNoticeView.h in CopyFiles */ = {isa = PBXBuildFile; fileRef = 26A20107179981ED00A7D3D1 /* WBSuccessNoticeView.h */; };
		26A2012E1799925F00A7D3D1 /* WBStickyNoticeView.h in CopyFiles */ = {isa = PBXBuildFile; fileRef = 26A20105179981ED00A7D3D1 /* WBStickyNoticeView.h */; };
		26AE40DA1790F39900A1EDEC /* Foundation.framework in Frameworks */ = {isa = PBXBuildFile; fileRef = 26AE40D91790F39900A1EDEC /* Foundation.framework */; };
		26AE40DF1790F39900A1EDEC /* TPLibrary.h in CopyFiles */ = {isa = PBXBuildFile; fileRef = 26AE40DE1790F39900A1EDEC /* TPLibrary.h */; };
		26AE40E11790F39900A1EDEC /* TPLibrary.m in Sources */ = {isa = PBXBuildFile; fileRef = 26AE40E01790F39900A1EDEC /* TPLibrary.m */; };
		26AE40EA1790F3CF00A1EDEC /* NSString+TPCategory.m in Sources */ = {isa = PBXBuildFile; fileRef = 26AE40E91790F3CF00A1EDEC /* NSString+TPCategory.m */; };
		26AE40EC1790F44100A1EDEC /* UIKit.framework in Frameworks */ = {isa = PBXBuildFile; fileRef = 26AE40EB1790F44100A1EDEC /* UIKit.framework */; };
		26AE40EF1790F49E00A1EDEC /* NSDate+TPCategory.m in Sources */ = {isa = PBXBuildFile; fileRef = 26AE40EE1790F49E00A1EDEC /* NSDate+TPCategory.m */; };
		26AE40F21790F52F00A1EDEC /* UIColor+TPCategory.m in Sources */ = {isa = PBXBuildFile; fileRef = 26AE40F11790F52F00A1EDEC /* UIColor+TPCategory.m */; };
		26AE40F51790F6A400A1EDEC /* UIImage+TPCategory.m in Sources */ = {isa = PBXBuildFile; fileRef = 26AE40F41790F6A300A1EDEC /* UIImage+TPCategory.m */; };
		26AE40F81790F73400A1EDEC /* UIDevice+TPCategory.m in Sources */ = {isa = PBXBuildFile; fileRef = 26AE40F71790F73400A1EDEC /* UIDevice+TPCategory.m */; };
		26AE40FB1790F7B900A1EDEC /* UIView+TPCategory.m in Sources */ = {isa = PBXBuildFile; fileRef = 26AE40FA1790F7B800A1EDEC /* UIView+TPCategory.m */; };
		26AE40FE1790F99C00A1EDEC /* UIScrollview+TPCategory.m in Sources */ = {isa = PBXBuildFile; fileRef = 26AE40FD1790F99B00A1EDEC /* UIScrollview+TPCategory.m */; };
		26AE41051790FE9D00A1EDEC /* NSData+TPCategory.m in Sources */ = {isa = PBXBuildFile; fileRef = 26AE41041790FE9D00A1EDEC /* NSData+TPCategory.m */; };
		26AE41081791001500A1EDEC /* NSDictionary+TPCategory.m in Sources */ = {isa = PBXBuildFile; fileRef = 26AE41071791001500A1EDEC /* NSDictionary+TPCategory.m */; };
		26AE412D1791218100A1EDEC /* QuartzCore.framework in Frameworks */ = {isa = PBXBuildFile; fileRef = 26AE412C1791218100A1EDEC /* QuartzCore.framework */; };
		26B479C71792825100231C18 /* ServiceHelper.m in Sources */ = {isa = PBXBuildFile; fileRef = 26B479C41792825100231C18 /* ServiceHelper.m */; };
		26B479C81792825100231C18 /* ServiceArgs.m in Sources */ = {isa = PBXBuildFile; fileRef = 26B479C61792825100231C18 /* ServiceArgs.m */; };
		26B479CE1792830500231C18 /* DownloadManager.m in Sources */ = {isa = PBXBuildFile; fileRef = 26B479CB1792830500231C18 /* DownloadManager.m */; };
		26B479CF1792830500231C18 /* DownLoadArgs.m in Sources */ = {isa = PBXBuildFile; fileRef = 26B479CD1792830500231C18 /* DownLoadArgs.m */; };
		26B479D6179283C900231C18 /* SVGeocoder.m in Sources */ = {isa = PBXBuildFile; fileRef = 26B479D3179283C900231C18 /* SVGeocoder.m */; settings = {COMPILER_FLAGS = "-fobjc-arc"; }; };
		26B479D7179283C900231C18 /* SVPlacemark.m in Sources */ = {isa = PBXBuildFile; fileRef = 26B479D5179283C900231C18 /* SVPlacemark.m */; settings = {COMPILER_FLAGS = "-fobjc-arc"; }; };
		26B479DA179283D800231C18 /* LocationGPS.m in Sources */ = {isa = PBXBuildFile; fileRef = 26B479D9179283D800231C18 /* LocationGPS.m */; };
		26B479DC1792846200231C18 /* CoreLocation.framework in Frameworks */ = {isa = PBXBuildFile; fileRef = 26B479DB1792846200231C18 /* CoreLocation.framework */; };
		26B479ED179287BF00231C18 /* NetWorkConnection.m in Sources */ = {isa = PBXBuildFile; fileRef = 26B479EC179287BF00231C18 /* NetWorkConnection.m */; };
		26B479FD17929B2F00231C18 /* NetWorkConnection.h in CopyFiles */ = {isa = PBXBuildFile; fileRef = 26B479EB179287BF00231C18 /* NetWorkConnection.h */; };
		26B479FE17929B3C00231C18 /* LocationGPS.h in CopyFiles */ = {isa = PBXBuildFile; fileRef = 26B479D8179283D800231C18 /* LocationGPS.h */; };
		26B479FF17929B4100231C18 /* SVGeocoder.h in CopyFiles */ = {isa = PBXBuildFile; fileRef = 26B479D2179283C900231C18 /* SVGeocoder.h */; };
		26B47A0017929B4500231C18 /* SVPlacemark.h in CopyFiles */ = {isa = PBXBuildFile; fileRef = 26B479D4179283C900231C18 /* SVPlacemark.h */; };
		26B47A0117929B4A00231C18 /* DownloadManager.h in CopyFiles */ = {isa = PBXBuildFile; fileRef = 26B479CA1792830500231C18 /* DownloadManager.h */; };
		26B47A0217929B5100231C18 /* DownLoadArgs.h in CopyFiles */ = {isa = PBXBuildFile; fileRef = 26B479CC1792830500231C18 /* DownLoadArgs.h */; };
		26B47A0317929B5500231C18 /* ServiceHelper.h in CopyFiles */ = {isa = PBXBuildFile; fileRef = 26B479C31792825100231C18 /* ServiceHelper.h */; };
		26B47A0417929B5A00231C18 /* ServiceArgs.h in CopyFiles */ = {isa = PBXBuildFile; fileRef = 26B479C51792825100231C18 /* ServiceArgs.h */; };
		26B47A0517929B6000231C18 /* Reachability.h in CopyFiles */ = {isa = PBXBuildFile; fileRef = 26B7A3281791A77D002BB336 /* Reachability.h */; };
		26B47A0617929B6600231C18 /* ASIDownloadCache.h in CopyFiles */ = {isa = PBXBuildFile; fileRef = 26B7A3061791A705002BB336 /* ASIDownloadCache.h */; };
		26B47A0717929B6B00231C18 /* ASINetworkQueue.h in CopyFiles */ = {isa = PBXBuildFile; fileRef = 26B7A3081791A705002BB336 /* ASINetworkQueue.h */; };
		26B47A0817929B7100231C18 /* ASIDataDecompressor.h in CopyFiles */ = {isa = PBXBuildFile; fileRef = 26B7A30A1791A705002BB336 /* ASIDataDecompressor.h */; };
		26B47A0917929B7600231C18 /* ASIDataCompressor.h in CopyFiles */ = {isa = PBXBuildFile; fileRef = 26B7A30C1791A705002BB336 /* ASIDataCompressor.h */; };
		26B47A0A17929B8800231C18 /* ASIInputStream.h in CopyFiles */ = {isa = PBXBuildFile; fileRef = 26B7A30E1791A705002BB336 /* ASIInputStream.h */; };
		26B47A0B17929B8E00231C18 /* ASIAuthenticationDialog.h in CopyFiles */ = {isa = PBXBuildFile; fileRef = 26B7A3101791A705002BB336 /* ASIAuthenticationDialog.h */; };
		26B47A0C17929B9500231C18 /* ASICacheDelegate.h in CopyFiles */ = {isa = PBXBuildFile; fileRef = 26B7A3121791A705002BB336 /* ASICacheDelegate.h */; };
		26B47A0D17929B9A00231C18 /* ASIProgressDelegate.h in CopyFiles */ = {isa = PBXBuildFile; fileRef = 26B7A3131791A705002BB336 /* ASIProgressDelegate.h */; };
		26B47A0E17929BA000231C18 /* SoapXmlParseHelper.h in CopyFiles */ = {isa = PBXBuildFile; fileRef = 26B7A2FF1791A66F002BB336 /* SoapXmlParseHelper.h */; };
		26B47A0F17929BA500231C18 /* ASIHTTPRequest.h in CopyFiles */ = {isa = PBXBuildFile; fileRef = 26B7A3161791A705002BB336 /* ASIHTTPRequest.h */; };
		26B47A1017929BAB00231C18 /* ASIHTTPRequestDelegate.h in CopyFiles */ = {isa = PBXBuildFile; fileRef = 26B7A3141791A705002BB336 /* ASIHTTPRequestDelegate.h */; };
		26B47A1117929BB100231C18 /* ASIHTTPRequestConfig.h in CopyFiles */ = {isa = PBXBuildFile; fileRef = 26B7A3151791A705002BB336 /* ASIHTTPRequestConfig.h */; };
		26B47A1217929BB600231C18 /* GDataXMLNode.h in CopyFiles */ = {isa = PBXBuildFile; fileRef = 26B7A2FB1791A66F002BB336 /* GDataXMLNode.h */; };
		26B47A1317929BBD00231C18 /* GDataDefines.h in CopyFiles */ = {isa = PBXBuildFile; fileRef = 26B7A2FD1791A66F002BB336 /* GDataDefines.h */; };
		26B47A1417929BC400231C18 /* GDataTargetNamespace.h in CopyFiles */ = {isa = PBXBuildFile; fileRef = 26B7A2FE1791A66F002BB336 /* GDataTargetNamespace.h */; };
		26B47A1517929BCD00231C18 /* SDWebImageManager.h in CopyFiles */ = {isa = PBXBuildFile; fileRef = 26B7A3381791AA5F002BB336 /* SDWebImageManager.h */; };
		26B47A1617929BDD00231C18 /* SDWebImageDecoder.h in CopyFiles */ = {isa = PBXBuildFile; fileRef = 26B7A33A1791AA5F002BB336 /* SDWebImageDecoder.h */; };
		26B47A1717929BE600231C18 /* NSString+TPCategory.h in CopyFiles */ = {isa = PBXBuildFile; fileRef = 26AE40E81790F3CF00A1EDEC /* NSString+TPCategory.h */; };
		26B47A1817929BED00231C18 /* NSDate+TPCategory.h in CopyFiles */ = {isa = PBXBuildFile; fileRef = 26AE40ED1790F49E00A1EDEC /* NSDate+TPCategory.h */; };
		26B47A1917929BF400231C18 /* UIColor+TPCategory.h in CopyFiles */ = {isa = PBXBuildFile; fileRef = 26AE40F01790F52F00A1EDEC /* UIColor+TPCategory.h */; };
		26B47A1A17929BFB00231C18 /* UIImage+TPCategory.h in CopyFiles */ = {isa = PBXBuildFile; fileRef = 26AE40F31790F6A300A1EDEC /* UIImage+TPCategory.h */; };
		26B47A1B17929C0100231C18 /* UIScrollview+TPCategory.h in CopyFiles */ = {isa = PBXBuildFile; fileRef = 26AE40FC1790F99B00A1EDEC /* UIScrollview+TPCategory.h */; };
		26B47A1C17929C0800231C18 /* UIDevice+TPCategory.h in CopyFiles */ = {isa = PBXBuildFile; fileRef = 26AE40F61790F73400A1EDEC /* UIDevice+TPCategory.h */; };
		26B47A1D17929C0F00231C18 /* UIView+TPCategory.h in CopyFiles */ = {isa = PBXBuildFile; fileRef = 26AE40F91790F7B800A1EDEC /* UIView+TPCategory.h */; };
		26B47A1E17929C1600231C18 /* NSData+TPCategory.h in CopyFiles */ = {isa = PBXBuildFile; fileRef = 26AE41031790FE9D00A1EDEC /* NSData+TPCategory.h */; };
		26B47A1F17929C1C00231C18 /* NSDictionary+TPCategory.h in CopyFiles */ = {isa = PBXBuildFile; fileRef = 26AE41061791001500A1EDEC /* NSDictionary+TPCategory.h */; };
		26B47A2017929C2300231C18 /* SDWebImagePrefetcher.h in CopyFiles */ = {isa = PBXBuildFile; fileRef = 26B7A33C1791AA5F002BB336 /* SDWebImagePrefetcher.h */; };
		26B47A2117929C2900231C18 /* UIImage+MultiFormat.h in CopyFiles */ = {isa = PBXBuildFile; fileRef = 26B7A2DF1791A459002BB336 /* UIImage+MultiFormat.h */; };
		26B47A2217929C3600231C18 /* NSData+GIF.h in CopyFiles */ = {isa = PBXBuildFile; fileRef = 26B7A2E11791A459002BB336 /* NSData+GIF.h */; };
		26B47A2317929C3E00231C18 /* UIImage+GIF.h in CopyFiles */ = {isa = PBXBuildFile; fileRef = 26B7A2E31791A459002BB336 /* UIImage+GIF.h */; };
		26B47A2417929C4500231C18 /* UIImage+WebP.h in CopyFiles */ = {isa = PBXBuildFile; fileRef = 26B7A2E51791A459002BB336 /* UIImage+WebP.h */; };
		26B47A2517929C5000231C18 /* MKAnnotationView+WebCache.h in CopyFiles */ = {isa = PBXBuildFile; fileRef = 26B7A2E71791A459002BB336 /* MKAnnotationView+WebCache.h */; };
		26B47A2617929C5800231C18 /* UIButton+WebCache.h in CopyFiles */ = {isa = PBXBuildFile; fileRef = 26B7A2E91791A459002BB336 /* UIButton+WebCache.h */; };
		26B47A2717929C6000231C18 /* UIImageView+WebCache.h in CopyFiles */ = {isa = PBXBuildFile; fileRef = 26B7A2EB1791A459002BB336 /* UIImageView+WebCache.h */; };
		26B47A2817929C6600231C18 /* SDImageCache.h in CopyFiles */ = {isa = PBXBuildFile; fileRef = 26B7A2DB1791A43D002BB336 /* SDImageCache.h */; };
		26B47A2917929C6E00231C18 /* SDWebImageDownloader.h in CopyFiles */ = {isa = PBXBuildFile; fileRef = 26B7A2D41791A425002BB336 /* SDWebImageDownloader.h */; };
		26B47A2A17929C7700231C18 /* SDWebImageDownloaderOperation.h in CopyFiles */ = {isa = PBXBuildFile; fileRef = 26B7A2D61791A425002BB336 /* SDWebImageDownloaderOperation.h */; };
		26B47A2B17929C7D00231C18 /* SDWebImageCompat.h in CopyFiles */ = {isa = PBXBuildFile; fileRef = 26B7A2CF1791A409002BB336 /* SDWebImageCompat.h */; };
		26B47A2C17929C8700231C18 /* SDWebImageOperation.h in CopyFiles */ = {isa = PBXBuildFile; fileRef = 26B7A2D11791A409002BB336 /* SDWebImageOperation.h */; };
		26B7A2D21791A409002BB336 /* SDWebImageCompat.m in Sources */ = {isa = PBXBuildFile; fileRef = 26B7A2D01791A409002BB336 /* SDWebImageCompat.m */; settings = {COMPILER_FLAGS = "-fobjc-arc"; }; };
		26B7A2D81791A425002BB336 /* SDWebImageDownloader.m in Sources */ = {isa = PBXBuildFile; fileRef = 26B7A2D51791A425002BB336 /* SDWebImageDownloader.m */; settings = {COMPILER_FLAGS = "-fobjc-arc"; }; };
		26B7A2D91791A425002BB336 /* SDWebImageDownloaderOperation.m in Sources */ = {isa = PBXBuildFile; fileRef = 26B7A2D71791A425002BB336 /* SDWebImageDownloaderOperation.m */; settings = {COMPILER_FLAGS = "-fobjc-arc"; }; };
		26B7A2DD1791A43D002BB336 /* SDImageCache.m in Sources */ = {isa = PBXBuildFile; fileRef = 26B7A2DC1791A43D002BB336 /* SDImageCache.m */; settings = {COMPILER_FLAGS = "-fobjc-arc"; }; };
		26B7A2ED1791A459002BB336 /* UIImage+MultiFormat.m in Sources */ = {isa = PBXBuildFile; fileRef = 26B7A2E01791A459002BB336 /* UIImage+MultiFormat.m */; };
		26B7A2EE1791A459002BB336 /* NSData+GIF.m in Sources */ = {isa = PBXBuildFile; fileRef = 26B7A2E21791A459002BB336 /* NSData+GIF.m */; };
		26B7A2EF1791A459002BB336 /* UIImage+GIF.m in Sources */ = {isa = PBXBuildFile; fileRef = 26B7A2E41791A459002BB336 /* UIImage+GIF.m */; };
		26B7A2F01791A459002BB336 /* UIImage+WebP.m in Sources */ = {isa = PBXBuildFile; fileRef = 26B7A2E61791A459002BB336 /* UIImage+WebP.m */; };
		26B7A2F11791A459002BB336 /* MKAnnotationView+WebCache.m in Sources */ = {isa = PBXBuildFile; fileRef = 26B7A2E81791A459002BB336 /* MKAnnotationView+WebCache.m */; settings = {COMPILER_FLAGS = "-fobjc-arc"; }; };
		26B7A2F21791A459002BB336 /* UIButton+WebCache.m in Sources */ = {isa = PBXBuildFile; fileRef = 26B7A2EA1791A459002BB336 /* UIButton+WebCache.m */; settings = {COMPILER_FLAGS = "-fobjc-arc"; }; };
		26B7A2F31791A459002BB336 /* UIImageView+WebCache.m in Sources */ = {isa = PBXBuildFile; fileRef = 26B7A2EC1791A459002BB336 /* UIImageView+WebCache.m */; settings = {COMPILER_FLAGS = "-fobjc-arc"; }; };
		26B7A2F51791A5C9002BB336 /* CoreGraphics.framework in Frameworks */ = {isa = PBXBuildFile; fileRef = 26B7A2F41791A5C9002BB336 /* CoreGraphics.framework */; };
		26B7A3011791A66F002BB336 /* GDataXMLNode.m in Sources */ = {isa = PBXBuildFile; fileRef = 26B7A2FC1791A66F002BB336 /* GDataXMLNode.m */; };
		26B7A3021791A66F002BB336 /* SoapXmlParseHelper.m in Sources */ = {isa = PBXBuildFile; fileRef = 26B7A3001791A66F002BB336 /* SoapXmlParseHelper.m */; };
		26B7A3041791A6AB002BB336 /* libxml2.dylib in Frameworks */ = {isa = PBXBuildFile; fileRef = 26B7A3031791A6AB002BB336 /* libxml2.dylib */; };
		26B7A3181791A705002BB336 /* ASIDownloadCache.m in Sources */ = {isa = PBXBuildFile; fileRef = 26B7A3071791A705002BB336 /* ASIDownloadCache.m */; };
		26B7A3191791A705002BB336 /* ASINetworkQueue.m in Sources */ = {isa = PBXBuildFile; fileRef = 26B7A3091791A705002BB336 /* ASINetworkQueue.m */; };
		26B7A31A1791A705002BB336 /* ASIDataDecompressor.m in Sources */ = {isa = PBXBuildFile; fileRef = 26B7A30B1791A705002BB336 /* ASIDataDecompressor.m */; };
		26B7A31B1791A705002BB336 /* ASIDataCompressor.m in Sources */ = {isa = PBXBuildFile; fileRef = 26B7A30D1791A705002BB336 /* ASIDataCompressor.m */; };
		26B7A31C1791A705002BB336 /* ASIInputStream.m in Sources */ = {isa = PBXBuildFile; fileRef = 26B7A30F1791A705002BB336 /* ASIInputStream.m */; };
		26B7A31D1791A705002BB336 /* ASIAuthenticationDialog.m in Sources */ = {isa = PBXBuildFile; fileRef = 26B7A3111791A705002BB336 /* ASIAuthenticationDialog.m */; };
		26B7A31E1791A705002BB336 /* ASIHTTPRequest.m in Sources */ = {isa = PBXBuildFile; fileRef = 26B7A3171791A705002BB336 /* ASIHTTPRequest.m */; };
		26B7A3201791A728002BB336 /* CFNetwork.framework in Frameworks */ = {isa = PBXBuildFile; fileRef = 26B7A31F1791A728002BB336 /* CFNetwork.framework */; };
		26B7A3221791A72E002BB336 /* MobileCoreServices.framework in Frameworks */ = {isa = PBXBuildFile; fileRef = 26B7A3211791A72E002BB336 /* MobileCoreServices.framework */; };
		26B7A3241791A739002BB336 /* SystemConfiguration.framework in Frameworks */ = {isa = PBXBuildFile; fileRef = 26B7A3231791A739002BB336 /* SystemConfiguration.framework */; };
		26B7A3261791A74D002BB336 /* libz.dylib in Frameworks */ = {isa = PBXBuildFile; fileRef = 26B7A3251791A74D002BB336 /* libz.dylib */; };
		26B7A32A1791A77D002BB336 /* Reachability.m in Sources */ = {isa = PBXBuildFile; fileRef = 26B7A3291791A77D002BB336 /* Reachability.m */; };
		26B7A33E1791AA5F002BB336 /* SDWebImageManager.m in Sources */ = {isa = PBXBuildFile; fileRef = 26B7A3391791AA5F002BB336 /* SDWebImageManager.m */; settings = {COMPILER_FLAGS = "-fobjc-arc"; }; };
		26B7A33F1791AA5F002BB336 /* SDWebImageDecoder.m in Sources */ = {isa = PBXBuildFile; fileRef = 26B7A33B1791AA5F002BB336 /* SDWebImageDecoder.m */; };
		26B7A3401791AA5F002BB336 /* SDWebImagePrefetcher.m in Sources */ = {isa = PBXBuildFile; fileRef = 26B7A33D1791AA5F002BB336 /* SDWebImagePrefetcher.m */; };
/* End PBXBuildFile section */

/* Begin PBXCopyFilesBuildPhase section */
		26AE40D41790F39900A1EDEC /* CopyFiles */ = {
			isa = PBXCopyFilesBuildPhase;
			buildActionMask = 2147483647;
			dstPath = "include/${PRODUCT_NAME}";
			dstSubfolderSpec = 16;
			files = (
				26A2012E1799925F00A7D3D1 /* WBStickyNoticeView.h in CopyFiles */,
				26A2012D1799924900A7D3D1 /* WBSuccessNoticeView.h in CopyFiles */,
				26A2012C1799923C00A7D3D1 /* WBNoticeOperation.h in CopyFiles */,
				26A2012B1799922F00A7D3D1 /* WBErrorNoticeView.h in CopyFiles */,
				26A2012A1799920500A7D3D1 /* NSOperationQueue+WBNoticeExtensions.h in CopyFiles */,
				26B47A2C17929C8700231C18 /* SDWebImageOperation.h in CopyFiles */,
				26B47A2B17929C7D00231C18 /* SDWebImageCompat.h in CopyFiles */,
				26B47A2A17929C7700231C18 /* SDWebImageDownloaderOperation.h in CopyFiles */,
				26B47A2917929C6E00231C18 /* SDWebImageDownloader.h in CopyFiles */,
				26B47A2817929C6600231C18 /* SDImageCache.h in CopyFiles */,
				26B47A2717929C6000231C18 /* UIImageView+WebCache.h in CopyFiles */,
				26B47A2617929C5800231C18 /* UIButton+WebCache.h in CopyFiles */,
				26B47A2517929C5000231C18 /* MKAnnotationView+WebCache.h in CopyFiles */,
				26B47A2417929C4500231C18 /* UIImage+WebP.h in CopyFiles */,
				26B47A2317929C3E00231C18 /* UIImage+GIF.h in CopyFiles */,
				26B47A2217929C3600231C18 /* NSData+GIF.h in CopyFiles */,
				26B47A2117929C2900231C18 /* UIImage+MultiFormat.h in CopyFiles */,
				26B47A2017929C2300231C18 /* SDWebImagePrefetcher.h in CopyFiles */,
				26B47A1F17929C1C00231C18 /* NSDictionary+TPCategory.h in CopyFiles */,
				26B47A1E17929C1600231C18 /* NSData+TPCategory.h in CopyFiles */,
				26B47A1D17929C0F00231C18 /* UIView+TPCategory.h in CopyFiles */,
				26B47A1C17929C0800231C18 /* UIDevice+TPCategory.h in CopyFiles */,
				26B47A1B17929C0100231C18 /* UIScrollview+TPCategory.h in CopyFiles */,
				26B47A1A17929BFB00231C18 /* UIImage+TPCategory.h in CopyFiles */,
				26B47A1917929BF400231C18 /* UIColor+TPCategory.h in CopyFiles */,
				26B47A1817929BED00231C18 /* NSDate+TPCategory.h in CopyFiles */,
				26B47A1717929BE600231C18 /* NSString+TPCategory.h in CopyFiles */,
				26B47A1617929BDD00231C18 /* SDWebImageDecoder.h in CopyFiles */,
				26B47A1517929BCD00231C18 /* SDWebImageManager.h in CopyFiles */,
				26B47A1417929BC400231C18 /* GDataTargetNamespace.h in CopyFiles */,
				26B47A1317929BBD00231C18 /* GDataDefines.h in CopyFiles */,
				26B47A1217929BB600231C18 /* GDataXMLNode.h in CopyFiles */,
				26B47A1117929BB100231C18 /* ASIHTTPRequestConfig.h in CopyFiles */,
				26B47A1017929BAB00231C18 /* ASIHTTPRequestDelegate.h in CopyFiles */,
				26B47A0F17929BA500231C18 /* ASIHTTPRequest.h in CopyFiles */,
				26B47A0E17929BA000231C18 /* SoapXmlParseHelper.h in CopyFiles */,
				26B47A0D17929B9A00231C18 /* ASIProgressDelegate.h in CopyFiles */,
				26B47A0C17929B9500231C18 /* ASICacheDelegate.h in CopyFiles */,
				26B47A0B17929B8E00231C18 /* ASIAuthenticationDialog.h in CopyFiles */,
				26B47A0A17929B8800231C18 /* ASIInputStream.h in CopyFiles */,
				26B47A0917929B7600231C18 /* ASIDataCompressor.h in CopyFiles */,
				26B47A0817929B7100231C18 /* ASIDataDecompressor.h in CopyFiles */,
				26B47A0717929B6B00231C18 /* ASINetworkQueue.h in CopyFiles */,
				26B47A0617929B6600231C18 /* ASIDownloadCache.h in CopyFiles */,
				26B47A0517929B6000231C18 /* Reachability.h in CopyFiles */,
				26B47A0417929B5A00231C18 /* ServiceArgs.h in CopyFiles */,
				26B47A0317929B5500231C18 /* ServiceHelper.h in CopyFiles */,
				26B47A0217929B5100231C18 /* DownLoadArgs.h in CopyFiles */,
				26B47A0117929B4A00231C18 /* DownloadManager.h in CopyFiles */,
				26B47A0017929B4500231C18 /* SVPlacemark.h in CopyFiles */,
				26B479FF17929B4100231C18 /* SVGeocoder.h in CopyFiles */,
				26B479FE17929B3C00231C18 /* LocationGPS.h in CopyFiles */,
				26B479FD17929B2F00231C18 /* NetWorkConnection.h in CopyFiles */,
				26AE40DF1790F39900A1EDEC /* TPLibrary.h in CopyFiles */,
			);
			runOnlyForDeploymentPostprocessing = 0;
		};
/* End PBXCopyFilesBuildPhase section */

/* Begin PBXFileReference section */
		26A200EA17997D0700A7D3D1 /* UIViewController+TPCategory.h */ = {isa = PBXFileReference; fileEncoding = 4; lastKnownFileType = sourcecode.c.h; path = "UIViewController+TPCategory.h"; sourceTree = "<group>"; };
		26A200EB17997D0700A7D3D1 /* UIViewController+TPCategory.m */ = {isa = PBXFileReference; fileEncoding = 4; lastKnownFileType = sourcecode.c.objc; path = "UIViewController+TPCategory.m"; sourceTree = "<group>"; };
		26A200F3179981ED00A7D3D1 /* NoticeView.bundle */ = {isa = PBXFileReference; lastKnownFileType = "wrapper.plug-in"; path = NoticeView.bundle; sourceTree = "<group>"; };
		26A200F4179981ED00A7D3D1 /* NSOperationQueue+WBNoticeExtensions.h */ = {isa = PBXFileReference; fileEncoding = 4; lastKnownFileType = sourcecode.c.h; path = "NSOperationQueue+WBNoticeExtensions.h"; sourceTree = "<group>"; };
		26A200F5179981ED00A7D3D1 /* NSOperationQueue+WBNoticeExtensions.m */ = {isa = PBXFileReference; fileEncoding = 4; lastKnownFileType = sourcecode.c.objc; path = "NSOperationQueue+WBNoticeExtensions.m"; sourceTree = "<group>"; };
		26A200F6179981ED00A7D3D1 /* UILabel+WBExtensions.h */ = {isa = PBXFileReference; fileEncoding = 4; lastKnownFileType = sourcecode.c.h; path = "UILabel+WBExtensions.h"; sourceTree = "<group>"; };
		26A200F7179981ED00A7D3D1 /* UILabel+WBExtensions.m */ = {isa = PBXFileReference; fileEncoding = 4; lastKnownFileType = sourcecode.c.objc; path = "UILabel+WBExtensions.m"; sourceTree = "<group>"; };
		26A200F8179981ED00A7D3D1 /* WBBlueGradientView.h */ = {isa = PBXFileReference; fileEncoding = 4; lastKnownFileType = sourcecode.c.h; path = WBBlueGradientView.h; sourceTree = "<group>"; };
		26A200F9179981ED00A7D3D1 /* WBBlueGradientView.m */ = {isa = PBXFileReference; fileEncoding = 4; lastKnownFileType = sourcecode.c.objc; path = WBBlueGradientView.m; sourceTree = "<group>"; };
		26A200FA179981ED00A7D3D1 /* WBErrorNoticeView.h */ = {isa = PBXFileReference; fileEncoding = 4; lastKnownFileType = sourcecode.c.h; path = WBErrorNoticeView.h; sourceTree = "<group>"; };
		26A200FB179981ED00A7D3D1 /* WBErrorNoticeView.m */ = {isa = PBXFileReference; fileEncoding = 4; lastKnownFileType = sourcecode.c.objc; path = WBErrorNoticeView.m; sourceTree = "<group>"; };
		26A200FC179981ED00A7D3D1 /* WBGrayGradientView.h */ = {isa = PBXFileReference; fileEncoding = 4; lastKnownFileType = sourcecode.c.h; path = WBGrayGradientView.h; sourceTree = "<group>"; };
		26A200FD179981ED00A7D3D1 /* WBGrayGradientView.m */ = {isa = PBXFileReference; fileEncoding = 4; lastKnownFileType = sourcecode.c.objc; path = WBGrayGradientView.m; sourceTree = "<group>"; };
		26A200FE179981ED00A7D3D1 /* WBNoticeOperation.h */ = {isa = PBXFileReference; fileEncoding = 4; lastKnownFileType = sourcecode.c.h; path = WBNoticeOperation.h; sourceTree = "<group>"; };
		26A200FF179981ED00A7D3D1 /* WBNoticeOperation.m */ = {isa = PBXFileReference; fileEncoding = 4; lastKnownFileType = sourcecode.c.objc; path = WBNoticeOperation.m; sourceTree = "<group>"; };
		26A20100179981ED00A7D3D1 /* WBNoticeView+ForSubclassEyesOnly.h */ = {isa = PBXFileReference; fileEncoding = 4; lastKnownFileType = sourcecode.c.h; path = "WBNoticeView+ForSubclassEyesOnly.h"; sourceTree = "<group>"; };
		26A20101179981ED00A7D3D1 /* WBNoticeView.h */ = {isa = PBXFileReference; fileEncoding = 4; lastKnownFileType = sourcecode.c.h; path = WBNoticeView.h; sourceTree = "<group>"; };
		26A20102179981ED00A7D3D1 /* WBNoticeView.m */ = {isa = PBXFileReference; fileEncoding = 4; lastKnownFileType = sourcecode.c.objc; path = WBNoticeView.m; sourceTree = "<group>"; };
		26A20103179981ED00A7D3D1 /* WBRedGradientView.h */ = {isa = PBXFileReference; fileEncoding = 4; lastKnownFileType = sourcecode.c.h; path = WBRedGradientView.h; sourceTree = "<group>"; };
		26A20104179981ED00A7D3D1 /* WBRedGradientView.m */ = {isa = PBXFileReference; fileEncoding = 4; lastKnownFileType = sourcecode.c.objc; path = WBRedGradientView.m; sourceTree = "<group>"; };
		26A20105179981ED00A7D3D1 /* WBStickyNoticeView.h */ = {isa = PBXFileReference; fileEncoding = 4; lastKnownFileType = sourcecode.c.h; path = WBStickyNoticeView.h; sourceTree = "<group>"; };
		26A20106179981ED00A7D3D1 /* WBStickyNoticeView.m */ = {isa = PBXFileReference; fileEncoding = 4; lastKnownFileType = sourcecode.c.objc; path = WBStickyNoticeView.m; sourceTree = "<group>"; };
		26A20107179981ED00A7D3D1 /* WBSuccessNoticeView.h */ = {isa = PBXFileReference; fileEncoding = 4; lastKnownFileType = sourcecode.c.h; path = WBSuccessNoticeView.h; sourceTree = "<group>"; };
		26A20108179981ED00A7D3D1 /* WBSuccessNoticeView.m */ = {isa = PBXFileReference; fileEncoding = 4; lastKnownFileType = sourcecode.c.objc; path = WBSuccessNoticeView.m; sourceTree = "<group>"; };
		26AE40D61790F39900A1EDEC /* libTPLibrary.a */ = {isa = PBXFileReference; explicitFileType = archive.ar; includeInIndex = 0; path = libTPLibrary.a; sourceTree = BUILT_PRODUCTS_DIR; };
		26AE40D91790F39900A1EDEC /* Foundation.framework */ = {isa = PBXFileReference; lastKnownFileType = wrapper.framework; name = Foundation.framework; path = System/Library/Frameworks/Foundation.framework; sourceTree = SDKROOT; };
		26AE40DD1790F39900A1EDEC /* TPLibrary-Prefix.pch */ = {isa = PBXFileReference; lastKnownFileType = sourcecode.c.h; path = "TPLibrary-Prefix.pch"; sourceTree = "<group>"; };
		26AE40DE1790F39900A1EDEC /* TPLibrary.h */ = {isa = PBXFileReference; lastKnownFileType = sourcecode.c.h; path = TPLibrary.h; sourceTree = "<group>"; };
		26AE40E01790F39900A1EDEC /* TPLibrary.m */ = {isa = PBXFileReference; lastKnownFileType = sourcecode.c.objc; path = TPLibrary.m; sourceTree = "<group>"; };
		26AE40E81790F3CF00A1EDEC /* NSString+TPCategory.h */ = {isa = PBXFileReference; fileEncoding = 4; lastKnownFileType = sourcecode.c.h; path = "NSString+TPCategory.h"; sourceTree = "<group>"; };
		26AE40E91790F3CF00A1EDEC /* NSString+TPCategory.m */ = {isa = PBXFileReference; fileEncoding = 4; lastKnownFileType = sourcecode.c.objc; path = "NSString+TPCategory.m"; sourceTree = "<group>"; };
		26AE40EB1790F44100A1EDEC /* UIKit.framework */ = {isa = PBXFileReference; lastKnownFileType = wrapper.framework; name = UIKit.framework; path = System/Library/Frameworks/UIKit.framework; sourceTree = SDKROOT; };
		26AE40ED1790F49E00A1EDEC /* NSDate+TPCategory.h */ = {isa = PBXFileReference; fileEncoding = 4; lastKnownFileType = sourcecode.c.h; path = "NSDate+TPCategory.h"; sourceTree = "<group>"; };
		26AE40EE1790F49E00A1EDEC /* NSDate+TPCategory.m */ = {isa = PBXFileReference; fileEncoding = 4; lastKnownFileType = sourcecode.c.objc; path = "NSDate+TPCategory.m"; sourceTree = "<group>"; };
		26AE40F01790F52F00A1EDEC /* UIColor+TPCategory.h */ = {isa = PBXFileReference; fileEncoding = 4; lastKnownFileType = sourcecode.c.h; path = "UIColor+TPCategory.h"; sourceTree = "<group>"; };
		26AE40F11790F52F00A1EDEC /* UIColor+TPCategory.m */ = {isa = PBXFileReference; fileEncoding = 4; lastKnownFileType = sourcecode.c.objc; path = "UIColor+TPCategory.m"; sourceTree = "<group>"; };
		26AE40F31790F6A300A1EDEC /* UIImage+TPCategory.h */ = {isa = PBXFileReference; fileEncoding = 4; lastKnownFileType = sourcecode.c.h; path = "UIImage+TPCategory.h"; sourceTree = "<group>"; };
		26AE40F41790F6A300A1EDEC /* UIImage+TPCategory.m */ = {isa = PBXFileReference; fileEncoding = 4; lastKnownFileType = sourcecode.c.objc; path = "UIImage+TPCategory.m"; sourceTree = "<group>"; };
		26AE40F61790F73400A1EDEC /* UIDevice+TPCategory.h */ = {isa = PBXFileReference; fileEncoding = 4; lastKnownFileType = sourcecode.c.h; path = "UIDevice+TPCategory.h"; sourceTree = "<group>"; };
		26AE40F71790F73400A1EDEC /* UIDevice+TPCategory.m */ = {isa = PBXFileReference; fileEncoding = 4; lastKnownFileType = sourcecode.c.objc; path = "UIDevice+TPCategory.m"; sourceTree = "<group>"; };
		26AE40F91790F7B800A1EDEC /* UIView+TPCategory.h */ = {isa = PBXFileReference; fileEncoding = 4; lastKnownFileType = sourcecode.c.h; path = "UIView+TPCategory.h"; sourceTree = "<group>"; };
		26AE40FA1790F7B800A1EDEC /* UIView+TPCategory.m */ = {isa = PBXFileReference; fileEncoding = 4; lastKnownFileType = sourcecode.c.objc; path = "UIView+TPCategory.m"; sourceTree = "<group>"; };
		26AE40FC1790F99B00A1EDEC /* UIScrollview+TPCategory.h */ = {isa = PBXFileReference; fileEncoding = 4; lastKnownFileType = sourcecode.c.h; path = "UIScrollview+TPCategory.h"; sourceTree = "<group>"; };
		26AE40FD1790F99B00A1EDEC /* UIScrollview+TPCategory.m */ = {isa = PBXFileReference; fileEncoding = 4; lastKnownFileType = sourcecode.c.objc; path = "UIScrollview+TPCategory.m"; sourceTree = "<group>"; };
		26AE41031790FE9D00A1EDEC /* NSData+TPCategory.h */ = {isa = PBXFileReference; fileEncoding = 4; lastKnownFileType = sourcecode.c.h; path = "NSData+TPCategory.h"; sourceTree = "<group>"; };
		26AE41041790FE9D00A1EDEC /* NSData+TPCategory.m */ = {isa = PBXFileReference; fileEncoding = 4; lastKnownFileType = sourcecode.c.objc; path = "NSData+TPCategory.m"; sourceTree = "<group>"; };
		26AE41061791001500A1EDEC /* NSDictionary+TPCategory.h */ = {isa = PBXFileReference; fileEncoding = 4; lastKnownFileType = sourcecode.c.h; path = "NSDictionary+TPCategory.h"; sourceTree = "<group>"; };
		26AE41071791001500A1EDEC /* NSDictionary+TPCategory.m */ = {isa = PBXFileReference; fileEncoding = 4; lastKnownFileType = sourcecode.c.objc; path = "NSDictionary+TPCategory.m"; sourceTree = "<group>"; };
		26AE412C1791218100A1EDEC /* QuartzCore.framework */ = {isa = PBXFileReference; lastKnownFileType = wrapper.framework; name = QuartzCore.framework; path = System/Library/Frameworks/QuartzCore.framework; sourceTree = SDKROOT; };
		26B479C31792825100231C18 /* ServiceHelper.h */ = {isa = PBXFileReference; fileEncoding = 4; lastKnownFileType = sourcecode.c.h; path = ServiceHelper.h; sourceTree = "<group>"; };
		26B479C41792825100231C18 /* ServiceHelper.m */ = {isa = PBXFileReference; fileEncoding = 4; lastKnownFileType = sourcecode.c.objc; path = ServiceHelper.m; sourceTree = "<group>"; };
		26B479C51792825100231C18 /* ServiceArgs.h */ = {isa = PBXFileReference; fileEncoding = 4; lastKnownFileType = sourcecode.c.h; path = ServiceArgs.h; sourceTree = "<group>"; };
		26B479C61792825100231C18 /* ServiceArgs.m */ = {isa = PBXFileReference; fileEncoding = 4; lastKnownFileType = sourcecode.c.objc; path = ServiceArgs.m; sourceTree = "<group>"; };
		26B479CA1792830500231C18 /* DownloadManager.h */ = {isa = PBXFileReference; fileEncoding = 4; lastKnownFileType = sourcecode.c.h; path = DownloadManager.h; sourceTree = "<group>"; };
		26B479CB1792830500231C18 /* DownloadManager.m */ = {isa = PBXFileReference; fileEncoding = 4; lastKnownFileType = sourcecode.c.objc; path = DownloadManager.m; sourceTree = "<group>"; };
		26B479CC1792830500231C18 /* DownLoadArgs.h */ = {isa = PBXFileReference; fileEncoding = 4; lastKnownFileType = sourcecode.c.h; path = DownLoadArgs.h; sourceTree = "<group>"; };
		26B479CD1792830500231C18 /* DownLoadArgs.m */ = {isa = PBXFileReference; fileEncoding = 4; lastKnownFileType = sourcecode.c.objc; path = DownLoadArgs.m; sourceTree = "<group>"; };
		26B479D2179283C900231C18 /* SVGeocoder.h */ = {isa = PBXFileReference; fileEncoding = 4; lastKnownFileType = sourcecode.c.h; path = SVGeocoder.h; sourceTree = "<group>"; };
		26B479D3179283C900231C18 /* SVGeocoder.m */ = {isa = PBXFileReference; fileEncoding = 4; lastKnownFileType = sourcecode.c.objc; path = SVGeocoder.m; sourceTree = "<group>"; };
		26B479D4179283C900231C18 /* SVPlacemark.h */ = {isa = PBXFileReference; fileEncoding = 4; lastKnownFileType = sourcecode.c.h; path = SVPlacemark.h; sourceTree = "<group>"; };
		26B479D5179283C900231C18 /* SVPlacemark.m */ = {isa = PBXFileReference; fileEncoding = 4; lastKnownFileType = sourcecode.c.objc; path = SVPlacemark.m; sourceTree = "<group>"; };
		26B479D8179283D800231C18 /* LocationGPS.h */ = {isa = PBXFileReference; fileEncoding = 4; lastKnownFileType = sourcecode.c.h; path = LocationGPS.h; sourceTree = "<group>"; };
		26B479D9179283D800231C18 /* LocationGPS.m */ = {isa = PBXFileReference; fileEncoding = 4; lastKnownFileType = sourcecode.c.objc; path = LocationGPS.m; sourceTree = "<group>"; };
		26B479DB1792846200231C18 /* CoreLocation.framework */ = {isa = PBXFileReference; lastKnownFileType = wrapper.framework; name = CoreLocation.framework; path = System/Library/Frameworks/CoreLocation.framework; sourceTree = SDKROOT; };
		26B479EB179287BF00231C18 /* NetWorkConnection.h */ = {isa = PBXFileReference; fileEncoding = 4; lastKnownFileType = sourcecode.c.h; path = NetWorkConnection.h; sourceTree = "<group>"; };
		26B479EC179287BF00231C18 /* NetWorkConnection.m */ = {isa = PBXFileReference; fileEncoding = 4; lastKnownFileType = sourcecode.c.objc; path = NetWorkConnection.m; sourceTree = "<group>"; };
		26B7A2CF1791A409002BB336 /* SDWebImageCompat.h */ = {isa = PBXFileReference; fileEncoding = 4; lastKnownFileType = sourcecode.c.h; path = SDWebImageCompat.h; sourceTree = "<group>"; };
		26B7A2D01791A409002BB336 /* SDWebImageCompat.m */ = {isa = PBXFileReference; fileEncoding = 4; lastKnownFileType = sourcecode.c.objc; path = SDWebImageCompat.m; sourceTree = "<group>"; };
		26B7A2D11791A409002BB336 /* SDWebImageOperation.h */ = {isa = PBXFileReference; fileEncoding = 4; lastKnownFileType = sourcecode.c.h; path = SDWebImageOperation.h; sourceTree = "<group>"; };
		26B7A2D41791A425002BB336 /* SDWebImageDownloader.h */ = {isa = PBXFileReference; fileEncoding = 4; lastKnownFileType = sourcecode.c.h; path = SDWebImageDownloader.h; sourceTree = "<group>"; };
		26B7A2D51791A425002BB336 /* SDWebImageDownloader.m */ = {isa = PBXFileReference; fileEncoding = 4; lastKnownFileType = sourcecode.c.objc; path = SDWebImageDownloader.m; sourceTree = "<group>"; };
		26B7A2D61791A425002BB336 /* SDWebImageDownloaderOperation.h */ = {isa = PBXFileReference; fileEncoding = 4; lastKnownFileType = sourcecode.c.h; path = SDWebImageDownloaderOperation.h; sourceTree = "<group>"; };
		26B7A2D71791A425002BB336 /* SDWebImageDownloaderOperation.m */ = {isa = PBXFileReference; fileEncoding = 4; lastKnownFileType = sourcecode.c.objc; path = SDWebImageDownloaderOperation.m; sourceTree = "<group>"; };
		26B7A2DB1791A43D002BB336 /* SDImageCache.h */ = {isa = PBXFileReference; fileEncoding = 4; lastKnownFileType = sourcecode.c.h; path = SDImageCache.h; sourceTree = "<group>"; };
		26B7A2DC1791A43D002BB336 /* SDImageCache.m */ = {isa = PBXFileReference; fileEncoding = 4; lastKnownFileType = sourcecode.c.objc; path = SDImageCache.m; sourceTree = "<group>"; };
		26B7A2DF1791A459002BB336 /* UIImage+MultiFormat.h */ = {isa = PBXFileReference; fileEncoding = 4; lastKnownFileType = sourcecode.c.h; path = "UIImage+MultiFormat.h"; sourceTree = "<group>"; };
		26B7A2E01791A459002BB336 /* UIImage+MultiFormat.m */ = {isa = PBXFileReference; fileEncoding = 4; lastKnownFileType = sourcecode.c.objc; path = "UIImage+MultiFormat.m"; sourceTree = "<group>"; };
		26B7A2E11791A459002BB336 /* NSData+GIF.h */ = {isa = PBXFileReference; fileEncoding = 4; lastKnownFileType = sourcecode.c.h; path = "NSData+GIF.h"; sourceTree = "<group>"; };
		26B7A2E21791A459002BB336 /* NSData+GIF.m */ = {isa = PBXFileReference; fileEncoding = 4; lastKnownFileType = sourcecode.c.objc; path = "NSData+GIF.m"; sourceTree = "<group>"; };
		26B7A2E31791A459002BB336 /* UIImage+GIF.h */ = {isa = PBXFileReference; fileEncoding = 4; lastKnownFileType = sourcecode.c.h; path = "UIImage+GIF.h"; sourceTree = "<group>"; };
		26B7A2E41791A459002BB336 /* UIImage+GIF.m */ = {isa = PBXFileReference; fileEncoding = 4; lastKnownFileType = sourcecode.c.objc; path = "UIImage+GIF.m"; sourceTree = "<group>"; };
		26B7A2E51791A459002BB336 /* UIImage+WebP.h */ = {isa = PBXFileReference; fileEncoding = 4; lastKnownFileType = sourcecode.c.h; path = "UIImage+WebP.h"; sourceTree = "<group>"; };
		26B7A2E61791A459002BB336 /* UIImage+WebP.m */ = {isa = PBXFileReference; fileEncoding = 4; lastKnownFileType = sourcecode.c.objc; path = "UIImage+WebP.m"; sourceTree = "<group>"; };
		26B7A2E71791A459002BB336 /* MKAnnotationView+WebCache.h */ = {isa = PBXFileReference; fileEncoding = 4; lastKnownFileType = sourcecode.c.h; path = "MKAnnotationView+WebCache.h"; sourceTree = "<group>"; };
		26B7A2E81791A459002BB336 /* MKAnnotationView+WebCache.m */ = {isa = PBXFileReference; fileEncoding = 4; lastKnownFileType = sourcecode.c.objc; path = "MKAnnotationView+WebCache.m"; sourceTree = "<group>"; };
		26B7A2E91791A459002BB336 /* UIButton+WebCache.h */ = {isa = PBXFileReference; fileEncoding = 4; lastKnownFileType = sourcecode.c.h; path = "UIButton+WebCache.h"; sourceTree = "<group>"; };
		26B7A2EA1791A459002BB336 /* UIButton+WebCache.m */ = {isa = PBXFileReference; fileEncoding = 4; lastKnownFileType = sourcecode.c.objc; path = "UIButton+WebCache.m"; sourceTree = "<group>"; };
		26B7A2EB1791A459002BB336 /* UIImageView+WebCache.h */ = {isa = PBXFileReference; fileEncoding = 4; lastKnownFileType = sourcecode.c.h; path = "UIImageView+WebCache.h"; sourceTree = "<group>"; };
		26B7A2EC1791A459002BB336 /* UIImageView+WebCache.m */ = {isa = PBXFileReference; fileEncoding = 4; lastKnownFileType = sourcecode.c.objc; path = "UIImageView+WebCache.m"; sourceTree = "<group>"; };
		26B7A2F41791A5C9002BB336 /* CoreGraphics.framework */ = {isa = PBXFileReference; lastKnownFileType = wrapper.framework; name = CoreGraphics.framework; path = System/Library/Frameworks/CoreGraphics.framework; sourceTree = SDKROOT; };
		26B7A2FB1791A66F002BB336 /* GDataXMLNode.h */ = {isa = PBXFileReference; fileEncoding = 4; lastKnownFileType = sourcecode.c.h; path = GDataXMLNode.h; sourceTree = "<group>"; };
		26B7A2FC1791A66F002BB336 /* GDataXMLNode.m */ = {isa = PBXFileReference; fileEncoding = 4; lastKnownFileType = sourcecode.c.objc; path = GDataXMLNode.m; sourceTree = "<group>"; };
		26B7A2FD1791A66F002BB336 /* GDataDefines.h */ = {isa = PBXFileReference; fileEncoding = 4; lastKnownFileType = sourcecode.c.h; path = GDataDefines.h; sourceTree = "<group>"; };
		26B7A2FE1791A66F002BB336 /* GDataTargetNamespace.h */ = {isa = PBXFileReference; fileEncoding = 4; lastKnownFileType = sourcecode.c.h; path = GDataTargetNamespace.h; sourceTree = "<group>"; };
		26B7A2FF1791A66F002BB336 /* SoapXmlParseHelper.h */ = {isa = PBXFileReference; fileEncoding = 4; lastKnownFileType = sourcecode.c.h; path = SoapXmlParseHelper.h; sourceTree = "<group>"; };
		26B7A3001791A66F002BB336 /* SoapXmlParseHelper.m */ = {isa = PBXFileReference; fileEncoding = 4; lastKnownFileType = sourcecode.c.objc; path = SoapXmlParseHelper.m; sourceTree = "<group>"; };
		26B7A3031791A6AB002BB336 /* libxml2.dylib */ = {isa = PBXFileReference; lastKnownFileType = "compiled.mach-o.dylib"; name = libxml2.dylib; path = usr/lib/libxml2.dylib; sourceTree = SDKROOT; };
		26B7A3061791A705002BB336 /* ASIDownloadCache.h */ = {isa = PBXFileReference; fileEncoding = 4; lastKnownFileType = sourcecode.c.h; path = ASIDownloadCache.h; sourceTree = "<group>"; };
		26B7A3071791A705002BB336 /* ASIDownloadCache.m */ = {isa = PBXFileReference; fileEncoding = 4; lastKnownFileType = sourcecode.c.objc; path = ASIDownloadCache.m; sourceTree = "<group>"; };
		26B7A3081791A705002BB336 /* ASINetworkQueue.h */ = {isa = PBXFileReference; fileEncoding = 4; lastKnownFileType = sourcecode.c.h; path = ASINetworkQueue.h; sourceTree = "<group>"; };
		26B7A3091791A705002BB336 /* ASINetworkQueue.m */ = {isa = PBXFileReference; fileEncoding = 4; lastKnownFileType = sourcecode.c.objc; path = ASINetworkQueue.m; sourceTree = "<group>"; };
		26B7A30A1791A705002BB336 /* ASIDataDecompressor.h */ = {isa = PBXFileReference; fileEncoding = 4; lastKnownFileType = sourcecode.c.h; path = ASIDataDecompressor.h; sourceTree = "<group>"; };
		26B7A30B1791A705002BB336 /* ASIDataDecompressor.m */ = {isa = PBXFileReference; fileEncoding = 4; lastKnownFileType = sourcecode.c.objc; path = ASIDataDecompressor.m; sourceTree = "<group>"; };
		26B7A30C1791A705002BB336 /* ASIDataCompressor.h */ = {isa = PBXFileReference; fileEncoding = 4; lastKnownFileType = sourcecode.c.h; path = ASIDataCompressor.h; sourceTree = "<group>"; };
		26B7A30D1791A705002BB336 /* ASIDataCompressor.m */ = {isa = PBXFileReference; fileEncoding = 4; lastKnownFileType = sourcecode.c.objc; path = ASIDataCompressor.m; sourceTree = "<group>"; };
		26B7A30E1791A705002BB336 /* ASIInputStream.h */ = {isa = PBXFileReference; fileEncoding = 4; lastKnownFileType = sourcecode.c.h; path = ASIInputStream.h; sourceTree = "<group>"; };
		26B7A30F1791A705002BB336 /* ASIInputStream.m */ = {isa = PBXFileReference; fileEncoding = 4; lastKnownFileType = sourcecode.c.objc; path = ASIInputStream.m; sourceTree = "<group>"; };
		26B7A3101791A705002BB336 /* ASIAuthenticationDialog.h */ = {isa = PBXFileReference; fileEncoding = 4; lastKnownFileType = sourcecode.c.h; path = ASIAuthenticationDialog.h; sourceTree = "<group>"; };
		26B7A3111791A705002BB336 /* ASIAuthenticationDialog.m */ = {isa = PBXFileReference; fileEncoding = 4; lastKnownFileType = sourcecode.c.objc; path = ASIAuthenticationDialog.m; sourceTree = "<group>"; };
		26B7A3121791A705002BB336 /* ASICacheDelegate.h */ = {isa = PBXFileReference; fileEncoding = 4; lastKnownFileType = sourcecode.c.h; path = ASICacheDelegate.h; sourceTree = "<group>"; };
		26B7A3131791A705002BB336 /* ASIProgressDelegate.h */ = {isa = PBXFileReference; fileEncoding = 4; lastKnownFileType = sourcecode.c.h; path = ASIProgressDelegate.h; sourceTree = "<group>"; };
		26B7A3141791A705002BB336 /* ASIHTTPRequestDelegate.h */ = {isa = PBXFileReference; fileEncoding = 4; lastKnownFileType = sourcecode.c.h; path = ASIHTTPRequestDelegate.h; sourceTree = "<group>"; };
		26B7A3151791A705002BB336 /* ASIHTTPRequestConfig.h */ = {isa = PBXFileReference; fileEncoding = 4; lastKnownFileType = sourcecode.c.h; path = ASIHTTPRequestConfig.h; sourceTree = "<group>"; };
		26B7A3161791A705002BB336 /* ASIHTTPRequest.h */ = {isa = PBXFileReference; fileEncoding = 4; lastKnownFileType = sourcecode.c.h; path = ASIHTTPRequest.h; sourceTree = "<group>"; };
		26B7A3171791A705002BB336 /* ASIHTTPRequest.m */ = {isa = PBXFileReference; fileEncoding = 4; lastKnownFileType = sourcecode.c.objc; path = ASIHTTPRequest.m; sourceTree = "<group>"; };
		26B7A31F1791A728002BB336 /* CFNetwork.framework */ = {isa = PBXFileReference; lastKnownFileType = wrapper.framework; name = CFNetwork.framework; path = System/Library/Frameworks/CFNetwork.framework; sourceTree = SDKROOT; };
		26B7A3211791A72E002BB336 /* MobileCoreServices.framework */ = {isa = PBXFileReference; lastKnownFileType = wrapper.framework; name = MobileCoreServices.framework; path = System/Library/Frameworks/MobileCoreServices.framework; sourceTree = SDKROOT; };
		26B7A3231791A739002BB336 /* SystemConfiguration.framework */ = {isa = PBXFileReference; lastKnownFileType = wrapper.framework; name = SystemConfiguration.framework; path = System/Library/Frameworks/SystemConfiguration.framework; sourceTree = SDKROOT; };
		26B7A3251791A74D002BB336 /* libz.dylib */ = {isa = PBXFileReference; lastKnownFileType = "compiled.mach-o.dylib"; name = libz.dylib; path = usr/lib/libz.dylib; sourceTree = SDKROOT; };
		26B7A3281791A77D002BB336 /* Reachability.h */ = {isa = PBXFileReference; fileEncoding = 4; lastKnownFileType = sourcecode.c.h; path = Reachability.h; sourceTree = "<group>"; };
		26B7A3291791A77D002BB336 /* Reachability.m */ = {isa = PBXFileReference; fileEncoding = 4; lastKnownFileType = sourcecode.c.objc; path = Reachability.m; sourceTree = "<group>"; };
		26B7A3381791AA5F002BB336 /* SDWebImageManager.h */ = {isa = PBXFileReference; fileEncoding = 4; lastKnownFileType = sourcecode.c.h; path = SDWebImageManager.h; sourceTree = "<group>"; };
		26B7A3391791AA5F002BB336 /* SDWebImageManager.m */ = {isa = PBXFileReference; fileEncoding = 4; lastKnownFileType = sourcecode.c.objc; path = SDWebImageManager.m; sourceTree = "<group>"; };
		26B7A33A1791AA5F002BB336 /* SDWebImageDecoder.h */ = {isa = PBXFileReference; fileEncoding = 4; lastKnownFileType = sourcecode.c.h; path = SDWebImageDecoder.h; sourceTree = "<group>"; };
		26B7A33B1791AA5F002BB336 /* SDWebImageDecoder.m */ = {isa = PBXFileReference; fileEncoding = 4; lastKnownFileType = sourcecode.c.objc; path = SDWebImageDecoder.m; sourceTree = "<group>"; };
		26B7A33C1791AA5F002BB336 /* SDWebImagePrefetcher.h */ = {isa = PBXFileReference; fileEncoding = 4; lastKnownFileType = sourcecode.c.h; path = SDWebImagePrefetcher.h; sourceTree = "<group>"; };
		26B7A33D1791AA5F002BB336 /* SDWebImagePrefetcher.m */ = {isa = PBXFileReference; fileEncoding = 4; lastKnownFileType = sourcecode.c.objc; path = SDWebImagePrefetcher.m; sourceTree = "<group>"; };
/* End PBXFileReference section */

/* Begin PBXFrameworksBuildPhase section */
		26AE40D31790F39900A1EDEC /* Frameworks */ = {
			isa = PBXFrameworksBuildPhase;
			buildActionMask = 2147483647;
			files = (
				26B479DC1792846200231C18 /* CoreLocation.framework in Frameworks */,
				26B7A3261791A74D002BB336 /* libz.dylib in Frameworks */,
				26B7A3241791A739002BB336 /* SystemConfiguration.framework in Frameworks */,
				26B7A3221791A72E002BB336 /* MobileCoreServices.framework in Frameworks */,
				26B7A3201791A728002BB336 /* CFNetwork.framework in Frameworks */,
				26B7A3041791A6AB002BB336 /* libxml2.dylib in Frameworks */,
				26B7A2F51791A5C9002BB336 /* CoreGraphics.framework in Frameworks */,
				26AE412D1791218100A1EDEC /* QuartzCore.framework in Frameworks */,
				26AE40EC1790F44100A1EDEC /* UIKit.framework in Frameworks */,
				26AE40DA1790F39900A1EDEC /* Foundation.framework in Frameworks */,
			);
			runOnlyForDeploymentPostprocessing = 0;
		};
/* End PBXFrameworksBuildPhase section */

/* Begin PBXGroup section */
		26A200F2179981ED00A7D3D1 /* WBNoticeView */ = {
			isa = PBXGroup;
			children = (
				26A200F3179981ED00A7D3D1 /* NoticeView.bundle */,
				26A200F4179981ED00A7D3D1 /* NSOperationQueue+WBNoticeExtensions.h */,
				26A200F5179981ED00A7D3D1 /* NSOperationQueue+WBNoticeExtensions.m */,
				26A200F6179981ED00A7D3D1 /* UILabel+WBExtensions.h */,
				26A200F7179981ED00A7D3D1 /* UILabel+WBExtensions.m */,
				26A200F8179981ED00A7D3D1 /* WBBlueGradientView.h */,
				26A200F9179981ED00A7D3D1 /* WBBlueGradientView.m */,
				26A200FA179981ED00A7D3D1 /* WBErrorNoticeView.h */,
				26A200FB179981ED00A7D3D1 /* WBErrorNoticeView.m */,
				26A200FC179981ED00A7D3D1 /* WBGrayGradientView.h */,
				26A200FD179981ED00A7D3D1 /* WBGrayGradientView.m */,
				26A200FE179981ED00A7D3D1 /* WBNoticeOperation.h */,
				26A200FF179981ED00A7D3D1 /* WBNoticeOperation.m */,
				26A20100179981ED00A7D3D1 /* WBNoticeView+ForSubclassEyesOnly.h */,
				26A20101179981ED00A7D3D1 /* WBNoticeView.h */,
				26A20102179981ED00A7D3D1 /* WBNoticeView.m */,
				26A20103179981ED00A7D3D1 /* WBRedGradientView.h */,
				26A20104179981ED00A7D3D1 /* WBRedGradientView.m */,
				26A20105179981ED00A7D3D1 /* WBStickyNoticeView.h */,
				26A20106179981ED00A7D3D1 /* WBStickyNoticeView.m */,
				26A20107179981ED00A7D3D1 /* WBSuccessNoticeView.h */,
				26A20108179981ED00A7D3D1 /* WBSuccessNoticeView.m */,
			);
			path = WBNoticeView;
			sourceTree = "<group>";
		};
		26AE40CB1790F39900A1EDEC = {
			isa = PBXGroup;
			children = (
				26AE40DB1790F39900A1EDEC /* TPLibrary */,
				26AE40D81790F39900A1EDEC /* Frameworks */,
				26AE40D71790F39900A1EDEC /* Products */,
			);
			sourceTree = "<group>";
		};
		26AE40D71790F39900A1EDEC /* Products */ = {
			isa = PBXGroup;
			children = (
				26AE40D61790F39900A1EDEC /* libTPLibrary.a */,
			);
			name = Products;
			sourceTree = "<group>";
		};
		26AE40D81790F39900A1EDEC /* Frameworks */ = {
			isa = PBXGroup;
			children = (
				26B479DB1792846200231C18 /* CoreLocation.framework */,
				26B7A3251791A74D002BB336 /* libz.dylib */,
				26B7A3231791A739002BB336 /* SystemConfiguration.framework */,
				26B7A3211791A72E002BB336 /* MobileCoreServices.framework */,
				26B7A31F1791A728002BB336 /* CFNetwork.framework */,
				26B7A3031791A6AB002BB336 /* libxml2.dylib */,
				26B7A2F41791A5C9002BB336 /* CoreGraphics.framework */,
				26AE412C1791218100A1EDEC /* QuartzCore.framework */,
				26AE40EB1790F44100A1EDEC /* UIKit.framework */,
				26AE40D91790F39900A1EDEC /* Foundation.framework */,
			);
			name = Frameworks;
			sourceTree = "<group>";
		};
		26AE40DB1790F39900A1EDEC /* TPLibrary */ = {
			isa = PBXGroup;
			children = (
				26A200F2179981ED00A7D3D1 /* WBNoticeView */,
				26B479C01792823100231C18 /* Core */,
				26B7A3051791A6F1002BB336 /* ASIHttpRequest */,
				26B7A2FA1791A660002BB336 /* GDataXML */,
				26B7A2C617918FC4002BB336 /* SDWebImage */,
				26AE40FF1790FA7800A1EDEC /* UI */,
				26AE40E71790F3AE00A1EDEC /* Category */,
				26AE40DE1790F39900A1EDEC /* TPLibrary.h */,
				26AE40E01790F39900A1EDEC /* TPLibrary.m */,
				26AE40DC1790F39900A1EDEC /* Supporting Files */,
			);
			path = TPLibrary;
			sourceTree = "<group>";
		};
		26AE40DC1790F39900A1EDEC /* Supporting Files */ = {
			isa = PBXGroup;
			children = (
				26AE40DD1790F39900A1EDEC /* TPLibrary-Prefix.pch */,
			);
			name = "Supporting Files";
			sourceTree = "<group>";
		};
		26AE40E71790F3AE00A1EDEC /* Category */ = {
			isa = PBXGroup;
			children = (
				26AE41061791001500A1EDEC /* NSDictionary+TPCategory.h */,
				26AE41071791001500A1EDEC /* NSDictionary+TPCategory.m */,
				26AE41031790FE9D00A1EDEC /* NSData+TPCategory.h */,
				26AE41041790FE9D00A1EDEC /* NSData+TPCategory.m */,
				26AE40FC1790F99B00A1EDEC /* UIScrollview+TPCategory.h */,
				26AE40FD1790F99B00A1EDEC /* UIScrollview+TPCategory.m */,
				26AE40F91790F7B800A1EDEC /* UIView+TPCategory.h */,
				26AE40FA1790F7B800A1EDEC /* UIView+TPCategory.m */,
				26AE40F61790F73400A1EDEC /* UIDevice+TPCategory.h */,
				26AE40F71790F73400A1EDEC /* UIDevice+TPCategory.m */,
				26AE40F31790F6A300A1EDEC /* UIImage+TPCategory.h */,
				26AE40F41790F6A300A1EDEC /* UIImage+TPCategory.m */,
				26AE40F01790F52F00A1EDEC /* UIColor+TPCategory.h */,
				26AE40F11790F52F00A1EDEC /* UIColor+TPCategory.m */,
				26AE40ED1790F49E00A1EDEC /* NSDate+TPCategory.h */,
				26AE40EE1790F49E00A1EDEC /* NSDate+TPCategory.m */,
				26AE40E81790F3CF00A1EDEC /* NSString+TPCategory.h */,
				26AE40E91790F3CF00A1EDEC /* NSString+TPCategory.m */,
				26A200EA17997D0700A7D3D1 /* UIViewController+TPCategory.h */,
				26A200EB17997D0700A7D3D1 /* UIViewController+TPCategory.m */,
			);
			name = Category;
			sourceTree = "<group>";
		};
		26AE40FF1790FA7800A1EDEC /* UI */ = {
			isa = PBXGroup;
			children = (
			);
			name = UI;
			sourceTree = "<group>";
		};
		26B479C01792823100231C18 /* Core */ = {
			isa = PBXGroup;
			children = (
				26B479EA179287AC00231C18 /* NetWork */,
				26B479D0179283A700231C18 /* GPS */,
				26B479C9179282F700231C18 /* FileDownLoad */,
				26B479C21792823C00231C18 /* WebService */,
			);
			name = Core;
			sourceTree = "<group>";
		};
		26B479C21792823C00231C18 /* WebService */ = {
			isa = PBXGroup;
			children = (
				26B479C31792825100231C18 /* ServiceHelper.h */,
				26B479C41792825100231C18 /* ServiceHelper.m */,
				26B479C51792825100231C18 /* ServiceArgs.h */,
				26B479C61792825100231C18 /* ServiceArgs.m */,
			);
			name = WebService;
			sourceTree = "<group>";
		};
		26B479C9179282F700231C18 /* FileDownLoad */ = {
			isa = PBXGroup;
			children = (
				26B479CA1792830500231C18 /* DownloadManager.h */,
				26B479CB1792830500231C18 /* DownloadManager.m */,
				26B479CC1792830500231C18 /* DownLoadArgs.h */,
				26B479CD1792830500231C18 /* DownLoadArgs.m */,
			);
			name = FileDownLoad;
			sourceTree = "<group>";
		};
		26B479D0179283A700231C18 /* GPS */ = {
			isa = PBXGroup;
			children = (
				26B479D8179283D800231C18 /* LocationGPS.h */,
				26B479D9179283D800231C18 /* LocationGPS.m */,
				26B479D1179283BA00231C18 /* SVGeocoder */,
			);
			name = GPS;
			sourceTree = "<group>";
		};
		26B479D1179283BA00231C18 /* SVGeocoder */ = {
			isa = PBXGroup;
			children = (
				26B479D2179283C900231C18 /* SVGeocoder.h */,
				26B479D3179283C900231C18 /* SVGeocoder.m */,
				26B479D4179283C900231C18 /* SVPlacemark.h */,
				26B479D5179283C900231C18 /* SVPlacemark.m */,
			);
			name = SVGeocoder;
			sourceTree = "<group>";
		};
		26B479EA179287AC00231C18 /* NetWork */ = {
			isa = PBXGroup;
			children = (
				26B479EB179287BF00231C18 /* NetWorkConnection.h */,
				26B479EC179287BF00231C18 /* NetWorkConnection.m */,
			);
			name = NetWork;
			sourceTree = "<group>";
		};
		26B7A2C617918FC4002BB336 /* SDWebImage */ = {
			isa = PBXGroup;
			children = (
				26B7A32E1791A9B5002BB336 /* Utils */,
				26B7A2DE1791A44C002BB336 /* Categories */,
				26B7A2DA1791A433002BB336 /* Cache */,
				26B7A2D31791A41A002BB336 /* Downloader */,
				26B7A2CF1791A409002BB336 /* SDWebImageCompat.h */,
				26B7A2D01791A409002BB336 /* SDWebImageCompat.m */,
				26B7A2D11791A409002BB336 /* SDWebImageOperation.h */,
			);
			name = SDWebImage;
			sourceTree = "<group>";
		};
		26B7A2D31791A41A002BB336 /* Downloader */ = {
			isa = PBXGroup;
			children = (
				26B7A2D41791A425002BB336 /* SDWebImageDownloader.h */,
				26B7A2D51791A425002BB336 /* SDWebImageDownloader.m */,
				26B7A2D61791A425002BB336 /* SDWebImageDownloaderOperation.h */,
				26B7A2D71791A425002BB336 /* SDWebImageDownloaderOperation.m */,
			);
			name = Downloader;
			sourceTree = "<group>";
		};
		26B7A2DA1791A433002BB336 /* Cache */ = {
			isa = PBXGroup;
			children = (
				26B7A2DB1791A43D002BB336 /* SDImageCache.h */,
				26B7A2DC1791A43D002BB336 /* SDImageCache.m */,
			);
			name = Cache;
			sourceTree = "<group>";
		};
		26B7A2DE1791A44C002BB336 /* Categories */ = {
			isa = PBXGroup;
			children = (
				26B7A2DF1791A459002BB336 /* UIImage+MultiFormat.h */,
				26B7A2E01791A459002BB336 /* UIImage+MultiFormat.m */,
				26B7A2E11791A459002BB336 /* NSData+GIF.h */,
				26B7A2E21791A459002BB336 /* NSData+GIF.m */,
				26B7A2E31791A459002BB336 /* UIImage+GIF.h */,
				26B7A2E41791A459002BB336 /* UIImage+GIF.m */,
				26B7A2E51791A459002BB336 /* UIImage+WebP.h */,
				26B7A2E61791A459002BB336 /* UIImage+WebP.m */,
				26B7A2E71791A459002BB336 /* MKAnnotationView+WebCache.h */,
				26B7A2E81791A459002BB336 /* MKAnnotationView+WebCache.m */,
				26B7A2E91791A459002BB336 /* UIButton+WebCache.h */,
				26B7A2EA1791A459002BB336 /* UIButton+WebCache.m */,
				26B7A2EB1791A459002BB336 /* UIImageView+WebCache.h */,
				26B7A2EC1791A459002BB336 /* UIImageView+WebCache.m */,
			);
			name = Categories;
			sourceTree = "<group>";
		};
		26B7A2FA1791A660002BB336 /* GDataXML */ = {
			isa = PBXGroup;
			children = (
				26B7A2FB1791A66F002BB336 /* GDataXMLNode.h */,
				26B7A2FC1791A66F002BB336 /* GDataXMLNode.m */,
				26B7A2FD1791A66F002BB336 /* GDataDefines.h */,
				26B7A2FE1791A66F002BB336 /* GDataTargetNamespace.h */,
				26B7A2FF1791A66F002BB336 /* SoapXmlParseHelper.h */,
				26B7A3001791A66F002BB336 /* SoapXmlParseHelper.m */,
			);
			name = GDataXML;
			sourceTree = "<group>";
		};
		26B7A3051791A6F1002BB336 /* ASIHttpRequest */ = {
			isa = PBXGroup;
			children = (
				26B7A3271791A771002BB336 /* Reachability */,
				26B7A3061791A705002BB336 /* ASIDownloadCache.h */,
				26B7A3071791A705002BB336 /* ASIDownloadCache.m */,
				26B7A3081791A705002BB336 /* ASINetworkQueue.h */,
				26B7A3091791A705002BB336 /* ASINetworkQueue.m */,
				26B7A30A1791A705002BB336 /* ASIDataDecompressor.h */,
				26B7A30B1791A705002BB336 /* ASIDataDecompressor.m */,
				26B7A30C1791A705002BB336 /* ASIDataCompressor.h */,
				26B7A30D1791A705002BB336 /* ASIDataCompressor.m */,
				26B7A30E1791A705002BB336 /* ASIInputStream.h */,
				26B7A30F1791A705002BB336 /* ASIInputStream.m */,
				26B7A3101791A705002BB336 /* ASIAuthenticationDialog.h */,
				26B7A3111791A705002BB336 /* ASIAuthenticationDialog.m */,
				26B7A3121791A705002BB336 /* ASICacheDelegate.h */,
				26B7A3131791A705002BB336 /* ASIProgressDelegate.h */,
				26B7A3141791A705002BB336 /* ASIHTTPRequestDelegate.h */,
				26B7A3151791A705002BB336 /* ASIHTTPRequestConfig.h */,
				26B7A3161791A705002BB336 /* ASIHTTPRequest.h */,
				26B7A3171791A705002BB336 /* ASIHTTPRequest.m */,
			);
			name = ASIHttpRequest;
			sourceTree = "<group>";
		};
		26B7A3271791A771002BB336 /* Reachability */ = {
			isa = PBXGroup;
			children = (
				26B7A3281791A77D002BB336 /* Reachability.h */,
				26B7A3291791A77D002BB336 /* Reachability.m */,
			);
			name = Reachability;
			sourceTree = "<group>";
		};
		26B7A32E1791A9B5002BB336 /* Utils */ = {
			isa = PBXGroup;
			children = (
				26B7A3381791AA5F002BB336 /* SDWebImageManager.h */,
				26B7A3391791AA5F002BB336 /* SDWebImageManager.m */,
				26B7A33A1791AA5F002BB336 /* SDWebImageDecoder.h */,
				26B7A33B1791AA5F002BB336 /* SDWebImageDecoder.m */,
				26B7A33C1791AA5F002BB336 /* SDWebImagePrefetcher.h */,
				26B7A33D1791AA5F002BB336 /* SDWebImagePrefetcher.m */,
			);
			name = Utils;
			sourceTree = "<group>";
		};
/* End PBXGroup section */

/* Begin PBXNativeTarget section */
		26AE40D51790F39900A1EDEC /* TPLibrary */ = {
			isa = PBXNativeTarget;
			buildConfigurationList = 26AE40E41790F39900A1EDEC /* Build configuration list for PBXNativeTarget "TPLibrary" */;
			buildPhases = (
				26AE40D21790F39900A1EDEC /* Sources */,
				26AE40D31790F39900A1EDEC /* Frameworks */,
				26AE40D41790F39900A1EDEC /* CopyFiles */,
			);
			buildRules = (
			);
			dependencies = (
			);
			name = TPLibrary;
			productName = TPLibrary;
			productReference = 26AE40D61790F39900A1EDEC /* libTPLibrary.a */;
			productType = "com.apple.product-type.library.static";
		};
/* End PBXNativeTarget section */

/* Begin PBXProject section */
		26AE40CD1790F39900A1EDEC /* Project object */ = {
			isa = PBXProject;
			attributes = {
				LastUpgradeCheck = 0450;
				ORGANIZATIONNAME = rang;
			};
			buildConfigurationList = 26AE40D01790F39900A1EDEC /* Build configuration list for PBXProject "TPLibrary" */;
			compatibilityVersion = "Xcode 3.2";
			developmentRegion = English;
			hasScannedForEncodings = 0;
			knownRegions = (
				en,
			);
			mainGroup = 26AE40CB1790F39900A1EDEC;
			productRefGroup = 26AE40D71790F39900A1EDEC /* Products */;
			projectDirPath = "";
			projectRoot = "";
			targets = (
				26AE40D51790F39900A1EDEC /* TPLibrary */,
			);
		};
/* End PBXProject section */

/* Begin PBXSourcesBuildPhase section */
		26AE40D21790F39900A1EDEC /* Sources */ = {
			isa = PBXSourcesBuildPhase;
			buildActionMask = 2147483647;
			files = (
				26AE40E11790F39900A1EDEC /* TPLibrary.m in Sources */,
				26AE40EA1790F3CF00A1EDEC /* NSString+TPCategory.m in Sources */,
				26AE40EF1790F49E00A1EDEC /* NSDate+TPCategory.m in Sources */,
				26AE40F21790F52F00A1EDEC /* UIColor+TPCategory.m in Sources */,
				26AE40F51790F6A400A1EDEC /* UIImage+TPCategory.m in Sources */,
				26AE40F81790F73400A1EDEC /* UIDevice+TPCategory.m in Sources */,
				26AE40FB1790F7B900A1EDEC /* UIView+TPCategory.m in Sources */,
				26AE40FE1790F99C00A1EDEC /* UIScrollview+TPCategory.m in Sources */,
				26AE41051790FE9D00A1EDEC /* NSData+TPCategory.m in Sources */,
				26AE41081791001500A1EDEC /* NSDictionary+TPCategory.m in Sources */,
				26B7A2D21791A409002BB336 /* SDWebImageCompat.m in Sources */,
				26B7A2D81791A425002BB336 /* SDWebImageDownloader.m in Sources */,
				26B7A2D91791A425002BB336 /* SDWebImageDownloaderOperation.m in Sources */,
				26B7A2DD1791A43D002BB336 /* SDImageCache.m in Sources */,
				26B7A2ED1791A459002BB336 /* UIImage+MultiFormat.m in Sources */,
				26B7A2EE1791A459002BB336 /* NSData+GIF.m in Sources */,
				26B7A2EF1791A459002BB336 /* UIImage+GIF.m in Sources */,
				26B7A2F01791A459002BB336 /* UIImage+WebP.m in Sources */,
				26B7A2F11791A459002BB336 /* MKAnnotationView+WebCache.m in Sources */,
				26B7A2F21791A459002BB336 /* UIButton+WebCache.m in Sources */,
				26B7A2F31791A459002BB336 /* UIImageView+WebCache.m in Sources */,
				26B7A3011791A66F002BB336 /* GDataXMLNode.m in Sources */,
				26B7A3021791A66F002BB336 /* SoapXmlParseHelper.m in Sources */,
				26B7A3181791A705002BB336 /* ASIDownloadCache.m in Sources */,
				26B7A3191791A705002BB336 /* ASINetworkQueue.m in Sources */,
				26B7A31A1791A705002BB336 /* ASIDataDecompressor.m in Sources */,
				26B7A31B1791A705002BB336 /* ASIDataCompressor.m in Sources */,
				26B7A31C1791A705002BB336 /* ASIInputStream.m in Sources */,
				26B7A31D1791A705002BB336 /* ASIAuthenticationDialog.m in Sources */,
				26B7A31E1791A705002BB336 /* ASIHTTPRequest.m in Sources */,
				26B7A32A1791A77D002BB336 /* Reachability.m in Sources */,
				26B7A33E1791AA5F002BB336 /* SDWebImageManager.m in Sources */,
				26B7A33F1791AA5F002BB336 /* SDWebImageDecoder.m in Sources */,
				26B7A3401791AA5F002BB336 /* SDWebImagePrefetcher.m in Sources */,
				26B479C71792825100231C18 /* ServiceHelper.m in Sources */,
				26B479C81792825100231C18 /* ServiceArgs.m in Sources */,
				26B479CE1792830500231C18 /* DownloadManager.m in Sources */,
				26B479CF1792830500231C18 /* DownLoadArgs.m in Sources */,
				26B479D6179283C900231C18 /* SVGeocoder.m in Sources */,
				26B479D7179283C900231C18 /* SVPlacemark.m in Sources */,
				26B479DA179283D800231C18 /* LocationGPS.m in Sources */,
				26B479ED179287BF00231C18 /* NetWorkConnection.m in Sources */,
				26A200EC17997D0700A7D3D1 /* UIViewController+TPCategory.m in Sources */,
				26A20109179981ED00A7D3D1 /* NSOperationQueue+WBNoticeExtensions.m in Sources */,
				26A2010A179981ED00A7D3D1 /* UILabel+WBExtensions.m in Sources */,
				26A2010B179981ED00A7D3D1 /* WBBlueGradientView.m in Sources */,
				26A2010C179981ED00A7D3D1 /* WBErrorNoticeView.m in Sources */,
				26A2010D179981ED00A7D3D1 /* WBGrayGradientView.m in Sources */,
				26A2010E179981ED00A7D3D1 /* WBNoticeOperation.m in Sources */,
				26A2010F179981ED00A7D3D1 /* WBNoticeView.m in Sources */,
				26A20110179981ED00A7D3D1 /* WBRedGradientView.m in Sources */,
				26A20111179981ED00A7D3D1 /* WBStickyNoticeView.m in Sources */,
				26A20112179981ED00A7D3D1 /* WBSuccessNoticeView.m in Sources */,
			);
			runOnlyForDeploymentPostprocessing = 0;
		};
/* End PBXSourcesBuildPhase section */

/* Begin XCBuildConfiguration section */
		26AE40E21790F39900A1EDEC /* Debug */ = {
			isa = XCBuildConfiguration;
			buildSettings = {
				ALWAYS_SEARCH_USER_PATHS = NO;
				CLANG_CXX_LANGUAGE_STANDARD = "gnu++0x";
				CLANG_CXX_LIBRARY = "libc++";
				CLANG_WARN_EMPTY_BODY = YES;
				CLANG_WARN__DUPLICATE_METHOD_MATCH = YES;
				COPY_PHASE_STRIP = NO;
				GCC_C_LANGUAGE_STANDARD = gnu99;
				GCC_DYNAMIC_NO_PIC = NO;
				GCC_OPTIMIZATION_LEVEL = 0;
				GCC_PREPROCESSOR_DEFINITIONS = (
					"DEBUG=1",
					"$(inherited)",
				);
				GCC_SYMBOLS_PRIVATE_EXTERN = NO;
				GCC_WARN_ABOUT_RETURN_TYPE = YES;
				GCC_WARN_UNINITIALIZED_AUTOS = YES;
				GCC_WARN_UNUSED_VARIABLE = YES;
				HEADER_SEARCH_PATHS = "${SDK_ROOT}/usr/include/libxml2";
				IPHONEOS_DEPLOYMENT_TARGET = 6.0;
				SDKROOT = iphoneos;
			};
			name = Debug;
		};
		26AE40E31790F39900A1EDEC /* Release */ = {
			isa = XCBuildConfiguration;
			buildSettings = {
				ALWAYS_SEARCH_USER_PATHS = NO;
				CLANG_CXX_LANGUAGE_STANDARD = "gnu++0x";
				CLANG_CXX_LIBRARY = "libc++";
				CLANG_WARN_EMPTY_BODY = YES;
				CLANG_WARN__DUPLICATE_METHOD_MATCH = YES;
				COPY_PHASE_STRIP = YES;
				GCC_C_LANGUAGE_STANDARD = gnu99;
				GCC_WARN_ABOUT_RETURN_TYPE = YES;
				GCC_WARN_UNINITIALIZED_AUTOS = YES;
				GCC_WARN_UNUSED_VARIABLE = YES;
				HEADER_SEARCH_PATHS = "${SDK_ROOT}/usr/include/libxml2";
				IPHONEOS_DEPLOYMENT_TARGET = 6.0;
				SDKROOT = iphoneos;
				VALIDATE_PRODUCT = YES;
			};
			name = Release;
		};
		26AE40E51790F39900A1EDEC /* Debug */ = {
			isa = XCBuildConfiguration;
			buildSettings = {
				DSTROOT = /tmp/TPLibrary.dst;
				GCC_PRECOMPILE_PREFIX_HEADER = YES;
				GCC_PREFIX_HEADER = "TPLibrary/TPLibrary-Prefix.pch";
				INSTALL_PATH = "$(BUILT_PRODUCTS_DIR)";
				OTHER_LDFLAGS = "-ObjC";
				PRODUCT_NAME = "$(TARGET_NAME)";
				PUBLIC_HEADERS_FOLDER_PATH = "$(TARGET_NAME)";
				SKIP_INSTALL = YES;
			};
			name = Debug;
		};
		26AE40E61790F39900A1EDEC /* Release */ = {
			isa = XCBuildConfiguration;
			buildSettings = {
				DSTROOT = /tmp/TPLibrary.dst;
				GCC_PRECOMPILE_PREFIX_HEADER = YES;
				GCC_PREFIX_HEADER = "TPLibrary/TPLibrary-Prefix.pch";
				INSTALL_PATH = "$(BUILT_PRODUCTS_DIR)";
				OTHER_LDFLAGS = "-ObjC";
				PRODUCT_NAME = "$(TARGET_NAME)";
				PUBLIC_HEADERS_FOLDER_PATH = "$(TARGET_NAME)";
				SKIP_INSTALL = YES;
			};
			name = Release;
		};
/* End XCBuildConfiguration section */

/* Begin XCConfigurationList section */
		26AE40D01790F39900A1EDEC /* Build configuration list for PBXProject "TPLibrary" */ = {
			isa = XCConfigurationList;
			buildConfigurations = (
				26AE40E21790F39900A1EDEC /* Debug */,
				26AE40E31790F39900A1EDEC /* Release */,
			);
			defaultConfigurationIsVisible = 0;
			defaultConfigurationName = Release;
		};
		26AE40E41790F39900A1EDEC /* Build configuration list for PBXNativeTarget "TPLibrary" */ = {
			isa = XCConfigurationList;
			buildConfigurations = (
				26AE40E51790F39900A1EDEC /* Debug */,
				26AE40E61790F39900A1EDEC /* Release */,
			);
			defaultConfigurationIsVisible = 0;
			defaultConfigurationName = Release;
		};
/* End XCConfigurationList section */
	};
	rootObject = 26AE40CD1790F39900A1EDEC /* Project object */;
}
